// !$*UTF8*$!
{
	archiveVersion = 1;
	classes = {
	};
	objectVersion = 46;
	objects = {

/* Begin PBXBuildFile section */
		0A4024CA1F20B62D00D7D230 /* main.m in Sources */ = {isa = PBXBuildFile; fileRef = 0A4024C91F20B62D00D7D230 /* main.m */; };
		0A4024D51F20B62D00D7D230 /* Assets.xcassets in Resources */ = {isa = PBXBuildFile; fileRef = 0A4024D41F20B62D00D7D230 /* Assets.xcassets */; };
		0A4024D81F20B62D00D7D230 /* LaunchScreen.storyboard in Resources */ = {isa = PBXBuildFile; fileRef = 0A4024D61F20B62D00D7D230 /* LaunchScreen.storyboard */; };
		0A4024E31F20B62D00D7D230 /* testIMTests.m in Sources */ = {isa = PBXBuildFile; fileRef = 0A4024E21F20B62D00D7D230 /* testIMTests.m */; };
		0A4024EE1F20B62D00D7D230 /* testIMUITests.m in Sources */ = {isa = PBXBuildFile; fileRef = 0A4024ED1F20B62D00D7D230 /* testIMUITests.m */; };
		0A4025451F20B70C00D7D230 /* AppDelegate.m in Sources */ = {isa = PBXBuildFile; fileRef = 0A4024FD1F20B70C00D7D230 /* AppDelegate.m */; };
		0A4025461F20B70C00D7D230 /* SIXNavigationController.m in Sources */ = {isa = PBXBuildFile; fileRef = 0A4025031F20B70C00D7D230 /* SIXNavigationController.m */; };
		0A40254A1F20B70C00D7D230 /* SIXNavigationBar.m in Sources */ = {isa = PBXBuildFile; fileRef = 0A4025101F20B70C00D7D230 /* SIXNavigationBar.m */; };
		0A40256A1F20BA0800D7D230 /* NSString+Addition.m in Sources */ = {isa = PBXBuildFile; fileRef = 0A4025651F20BA0800D7D230 /* NSString+Addition.m */; };
		0A40256B1F20BA0800D7D230 /* UIColor+Addition.m in Sources */ = {isa = PBXBuildFile; fileRef = 0A4025671F20BA0800D7D230 /* UIColor+Addition.m */; };
		0A40256C1F20BA0800D7D230 /* UIView+Addition.m in Sources */ = {isa = PBXBuildFile; fileRef = 0A4025691F20BA0800D7D230 /* UIView+Addition.m */; };
		0A40256F1F20BA2C00D7D230 /* NSString+Check.m in Sources */ = {isa = PBXBuildFile; fileRef = 0A40256E1F20BA2C00D7D230 /* NSString+Check.m */; };
		0A4025731F20BA6E00D7D230 /* SIXHttpRequest.m in Sources */ = {isa = PBXBuildFile; fileRef = 0A4025721F20BA6E00D7D230 /* SIXHttpRequest.m */; };
		0A4025771F20BB2700D7D230 /* SIXMainTabBarController.m in Sources */ = {isa = PBXBuildFile; fileRef = 0A4025761F20BB2700D7D230 /* SIXMainTabBarController.m */; };
		0A40257C1F20BD0700D7D230 /* SIXBaseViewController.m in Sources */ = {isa = PBXBuildFile; fileRef = 0A4025791F20BD0700D7D230 /* SIXBaseViewController.m */; };
		0A40257D1F20BD0700D7D230 /* SIXViewController.m in Sources */ = {isa = PBXBuildFile; fileRef = 0A40257B1F20BD0700D7D230 /* SIXViewController.m */; };
		0A4025801F20BF1600D7D230 /* AppContext.m in Sources */ = {isa = PBXBuildFile; fileRef = 0A40257F1F20BF1600D7D230 /* AppContext.m */; };
		0A4EA1AF1F2847330003DAD4 /* SIXMineViewController.m in Sources */ = {isa = PBXBuildFile; fileRef = 0A4EA1AE1F2847330003DAD4 /* SIXMineViewController.m */; };
		0A4EA1B21F284B7E0003DAD4 /* SIXGroupInfo.m in Sources */ = {isa = PBXBuildFile; fileRef = 0A4EA1B11F284B7E0003DAD4 /* SIXGroupInfo.m */; };
		0A4EA1B81F287EB50003DAD4 /* SIXMineVCModel.m in Sources */ = {isa = PBXBuildFile; fileRef = 0A4EA1B71F287EB50003DAD4 /* SIXMineVCModel.m */; };
		0A4EA1BB1F287F880003DAD4 /* SIXMineInfoCell.m in Sources */ = {isa = PBXBuildFile; fileRef = 0A4EA1BA1F287F880003DAD4 /* SIXMineInfoCell.m */; };
		0A4EA1BD1F2880A20003DAD4 /* Storyboard.storyboard in Resources */ = {isa = PBXBuildFile; fileRef = 0A4EA1BC1F2880A20003DAD4 /* Storyboard.storyboard */; };
		0A4EA1C01F2883290003DAD4 /* SIXMineNormalCell.m in Sources */ = {isa = PBXBuildFile; fileRef = 0A4EA1BF1F2883290003DAD4 /* SIXMineNormalCell.m */; };
		0A4EA1C71F2894C30003DAD4 /* SIXCustomerServiceViewController.m in Sources */ = {isa = PBXBuildFile; fileRef = 0A4EA1C61F2894C30003DAD4 /* SIXCustomerServiceViewController.m */; };
		0A4EA1D21F28A5F80003DAD4 /* SIXLoginVCModel.m in Sources */ = {isa = PBXBuildFile; fileRef = 0A4EA1D11F28A5F80003DAD4 /* SIXLoginVCModel.m */; };
		0A4EA1D51F28A7A30003DAD4 /* SIXFindVCModel.m in Sources */ = {isa = PBXBuildFile; fileRef = 0A4EA1D41F28A7A30003DAD4 /* SIXFindVCModel.m */; };
		0A4EA1D81F28A7E80003DAD4 /* SIXChatRoom.m in Sources */ = {isa = PBXBuildFile; fileRef = 0A4EA1D71F28A7E80003DAD4 /* SIXChatRoom.m */; };
		0A50F4841F26E2D200FD8C04 /* SIXContactViewController.m in Sources */ = {isa = PBXBuildFile; fileRef = 0A50F4831F26E2D200FD8C04 /* SIXContactViewController.m */; };
		0A50F48A1F26E31800FD8C04 /* SIXContactVCModel.m in Sources */ = {isa = PBXBuildFile; fileRef = 0A50F4891F26E31800FD8C04 /* SIXContactVCModel.m */; };
		0A50F48E1F26E9C100FD8C04 /* SIXContact.m in Sources */ = {isa = PBXBuildFile; fileRef = 0A50F48D1F26E9C100FD8C04 /* SIXContact.m */; };
		0A50F4951F26EA7400FD8C04 /* SIXUserInfo.m in Sources */ = {isa = PBXBuildFile; fileRef = 0A50F4941F26EA7400FD8C04 /* SIXUserInfo.m */; };
		0A50F4991F26F5B700FD8C04 /* SIXTableViewCell.m in Sources */ = {isa = PBXBuildFile; fileRef = 0A50F4981F26F5B700FD8C04 /* SIXTableViewCell.m */; };
		0A50F49C1F26F60600FD8C04 /* SIXContactCell.m in Sources */ = {isa = PBXBuildFile; fileRef = 0A50F49B1F26F60600FD8C04 /* SIXContactCell.m */; };
		0A50F4A51F2721EE00FD8C04 /* SIXTipMessageContent.m in Sources */ = {isa = PBXBuildFile; fileRef = 0A50F4A41F2721EE00FD8C04 /* SIXTipMessageContent.m */; };
		0A50F4A81F2729D700FD8C04 /* SIXTipMessageCell.m in Sources */ = {isa = PBXBuildFile; fileRef = 0A50F4A71F2729D700FD8C04 /* SIXTipMessageCell.m */; };
		0A50F4AB1F27469A00FD8C04 /* SIXConversationModel.m in Sources */ = {isa = PBXBuildFile; fileRef = 0A50F4AA1F27469A00FD8C04 /* SIXConversationModel.m */; };
		0A50F4AE1F2748CC00FD8C04 /* SIXProductMessageContent.m in Sources */ = {isa = PBXBuildFile; fileRef = 0A50F4AD1F2748CC00FD8C04 /* SIXProductMessageContent.m */; };
		0A5587B31F2193D700673AFE /* SIXLoginViewController.m in Sources */ = {isa = PBXBuildFile; fileRef = 0A5587B21F2193D700673AFE /* SIXLoginViewController.m */; };
		0A5587DA1F21A1D900673AFE /* AFHTTPRequestOperation.m in Sources */ = {isa = PBXBuildFile; fileRef = 0A5587B61F21A1D900673AFE /* AFHTTPRequestOperation.m */; };
		0A5587DB1F21A1D900673AFE /* AFHTTPRequestOperationManager.m in Sources */ = {isa = PBXBuildFile; fileRef = 0A5587B81F21A1D900673AFE /* AFHTTPRequestOperationManager.m */; };
		0A5587DC1F21A1D900673AFE /* AFHTTPSessionManager.m in Sources */ = {isa = PBXBuildFile; fileRef = 0A5587BA1F21A1D900673AFE /* AFHTTPSessionManager.m */; };
		0A5587DD1F21A1D900673AFE /* AFNetworkReachabilityManager.m in Sources */ = {isa = PBXBuildFile; fileRef = 0A5587BD1F21A1D900673AFE /* AFNetworkReachabilityManager.m */; };
		0A5587DE1F21A1D900673AFE /* AFSecurityPolicy.m in Sources */ = {isa = PBXBuildFile; fileRef = 0A5587BF1F21A1D900673AFE /* AFSecurityPolicy.m */; };
		0A5587DF1F21A1D900673AFE /* AFURLConnectionOperation.m in Sources */ = {isa = PBXBuildFile; fileRef = 0A5587C11F21A1D900673AFE /* AFURLConnectionOperation.m */; };
		0A5587E01F21A1D900673AFE /* AFURLRequestSerialization.m in Sources */ = {isa = PBXBuildFile; fileRef = 0A5587C31F21A1D900673AFE /* AFURLRequestSerialization.m */; };
		0A5587E11F21A1D900673AFE /* AFURLResponseSerialization.m in Sources */ = {isa = PBXBuildFile; fileRef = 0A5587C51F21A1D900673AFE /* AFURLResponseSerialization.m */; };
		0A5587E21F21A1D900673AFE /* AFURLSessionManager.m in Sources */ = {isa = PBXBuildFile; fileRef = 0A5587C71F21A1D900673AFE /* AFURLSessionManager.m */; };
		0A5587E31F21A1D900673AFE /* AFNetworkActivityIndicatorManager.m in Sources */ = {isa = PBXBuildFile; fileRef = 0A5587CA1F21A1D900673AFE /* AFNetworkActivityIndicatorManager.m */; };
		0A5587E41F21A1D900673AFE /* UIActivityIndicatorView+AFNetworking.m in Sources */ = {isa = PBXBuildFile; fileRef = 0A5587CC1F21A1D900673AFE /* UIActivityIndicatorView+AFNetworking.m */; };
		0A5587E51F21A1D900673AFE /* UIAlertView+AFNetworking.m in Sources */ = {isa = PBXBuildFile; fileRef = 0A5587CE1F21A1D900673AFE /* UIAlertView+AFNetworking.m */; };
		0A5587E61F21A1D900673AFE /* UIButton+AFNetworking.m in Sources */ = {isa = PBXBuildFile; fileRef = 0A5587D01F21A1D900673AFE /* UIButton+AFNetworking.m */; };
		0A5587E71F21A1D900673AFE /* UIImageView+AFNetworking.m in Sources */ = {isa = PBXBuildFile; fileRef = 0A5587D21F21A1D900673AFE /* UIImageView+AFNetworking.m */; };
		0A5587E81F21A1D900673AFE /* UIProgressView+AFNetworking.m in Sources */ = {isa = PBXBuildFile; fileRef = 0A5587D51F21A1D900673AFE /* UIProgressView+AFNetworking.m */; };
		0A5587E91F21A1D900673AFE /* UIRefreshControl+AFNetworking.m in Sources */ = {isa = PBXBuildFile; fileRef = 0A5587D71F21A1D900673AFE /* UIRefreshControl+AFNetworking.m */; };
		0A5587EA1F21A1D900673AFE /* UIWebView+AFNetworking.m in Sources */ = {isa = PBXBuildFile; fileRef = 0A5587D91F21A1D900673AFE /* UIWebView+AFNetworking.m */; };
		0A5587ED1F21A21900673AFE /* AFHttpTool.m in Sources */ = {isa = PBXBuildFile; fileRef = 0A5587EC1F21A21900673AFE /* AFHttpTool.m */; };
		0A5587F21F21A4D500673AFE /* RCDSettingUserDefaults.m in Sources */ = {isa = PBXBuildFile; fileRef = 0A5587F11F21A4D500673AFE /* RCDSettingUserDefaults.m */; };
		0A5587F51F21A7E200673AFE /* NSDictionary+SIXParse.m in Sources */ = {isa = PBXBuildFile; fileRef = 0A5587F41F21A7E200673AFE /* NSDictionary+SIXParse.m */; };
		0A5587FA1F21B1C800673AFE /* SIXUserManager.m in Sources */ = {isa = PBXBuildFile; fileRef = 0A5587F91F21B1C800673AFE /* SIXUserManager.m */; };
		0A5588011F21B74200673AFE /* SIXConversationListViewController.m in Sources */ = {isa = PBXBuildFile; fileRef = 0A5588001F21B74200673AFE /* SIXConversationListViewController.m */; };
		0A5588051F21D8C500673AFE /* RCDUtilities.m in Sources */ = {isa = PBXBuildFile; fileRef = 0A5588041F21D8C500673AFE /* RCDUtilities.m */; };
		0A5588081F21D93700673AFE /* pinyin.c in Sources */ = {isa = PBXBuildFile; fileRef = 0A5588061F21D93700673AFE /* pinyin.c */; };
		0AD65B2C1F27501C00C2BE48 /* SIXProductMessageCell.m in Sources */ = {isa = PBXBuildFile; fileRef = 0AD65B2B1F27501C00C2BE48 /* SIXProductMessageCell.m */; };
		0ADF48281F258DE700C870F2 /* SIXConversationViewController.m in Sources */ = {isa = PBXBuildFile; fileRef = 0ADF48271F258DE700C870F2 /* SIXConversationViewController.m */; };
		0ADF482C1F25AC1900C870F2 /* SIXIMDataSource.m in Sources */ = {isa = PBXBuildFile; fileRef = 0ADF482B1F25AC1900C870F2 /* SIXIMDataSource.m */; };
		0ADF48361F2604B000C870F2 /* SIXDataSourceTool.m in Sources */ = {isa = PBXBuildFile; fileRef = 0ADF48351F2604B000C870F2 /* SIXDataSourceTool.m */; };
		0EAAA569CFD26546FE938068 /* libPods-testIMTests.a in Frameworks */ = {isa = PBXBuildFile; fileRef = D61BF194B7EB3FA8D30BE15D /* libPods-testIMTests.a */; };
		3A69DB110C224CFA63E03B76 /* libPods-testIMUITests.a in Frameworks */ = {isa = PBXBuildFile; fileRef = 0CFD424D6F5BB43D5A3636A2 /* libPods-testIMUITests.a */; };
		C61004C1BF3DFC9473E191A7 /* libPods-testIM.a in Frameworks */ = {isa = PBXBuildFile; fileRef = 1A755273E79198A366A56AB3 /* libPods-testIM.a */; };
/* End PBXBuildFile section */

/* Begin PBXContainerItemProxy section */
		0A4024DF1F20B62D00D7D230 /* PBXContainerItemProxy */ = {
			isa = PBXContainerItemProxy;
			containerPortal = 0A4024BD1F20B62D00D7D230 /* Project object */;
			proxyType = 1;
			remoteGlobalIDString = 0A4024C41F20B62D00D7D230;
			remoteInfo = testIM;
		};
		0A4024EA1F20B62D00D7D230 /* PBXContainerItemProxy */ = {
			isa = PBXContainerItemProxy;
			containerPortal = 0A4024BD1F20B62D00D7D230 /* Project object */;
			proxyType = 1;
			remoteGlobalIDString = 0A4024C41F20B62D00D7D230;
			remoteInfo = testIM;
		};
/* End PBXContainerItemProxy section */

/* Begin PBXFileReference section */
		097777F5685CBD27394F1E13 /* Pods-testIMTests.debug.xcconfig */ = {isa = PBXFileReference; includeInIndex = 1; lastKnownFileType = text.xcconfig; name = "Pods-testIMTests.debug.xcconfig"; path = "Pods/Target Support Files/Pods-testIMTests/Pods-testIMTests.debug.xcconfig"; sourceTree = "<group>"; };
		0A4024C51F20B62D00D7D230 /* testIM.app */ = {isa = PBXFileReference; explicitFileType = wrapper.application; includeInIndex = 0; path = testIM.app; sourceTree = BUILT_PRODUCTS_DIR; };
		0A4024C91F20B62D00D7D230 /* main.m */ = {isa = PBXFileReference; lastKnownFileType = sourcecode.c.objc; path = main.m; sourceTree = "<group>"; };
		0A4024D41F20B62D00D7D230 /* Assets.xcassets */ = {isa = PBXFileReference; lastKnownFileType = folder.assetcatalog; path = Assets.xcassets; sourceTree = "<group>"; };
		0A4024D71F20B62D00D7D230 /* Base */ = {isa = PBXFileReference; lastKnownFileType = file.storyboard; name = Base; path = Base.lproj/LaunchScreen.storyboard; sourceTree = "<group>"; };
		0A4024D91F20B62D00D7D230 /* Info.plist */ = {isa = PBXFileReference; lastKnownFileType = text.plist.xml; path = Info.plist; sourceTree = "<group>"; };
		0A4024DE1F20B62D00D7D230 /* testIMTests.xctest */ = {isa = PBXFileReference; explicitFileType = wrapper.cfbundle; includeInIndex = 0; path = testIMTests.xctest; sourceTree = BUILT_PRODUCTS_DIR; };
		0A4024E21F20B62D00D7D230 /* testIMTests.m */ = {isa = PBXFileReference; lastKnownFileType = sourcecode.c.objc; path = testIMTests.m; sourceTree = "<group>"; };
		0A4024E41F20B62D00D7D230 /* Info.plist */ = {isa = PBXFileReference; lastKnownFileType = text.plist.xml; path = Info.plist; sourceTree = "<group>"; };
		0A4024E91F20B62D00D7D230 /* testIMUITests.xctest */ = {isa = PBXFileReference; explicitFileType = wrapper.cfbundle; includeInIndex = 0; path = testIMUITests.xctest; sourceTree = BUILT_PRODUCTS_DIR; };
		0A4024ED1F20B62D00D7D230 /* testIMUITests.m */ = {isa = PBXFileReference; lastKnownFileType = sourcecode.c.objc; path = testIMUITests.m; sourceTree = "<group>"; };
		0A4024EF1F20B62D00D7D230 /* Info.plist */ = {isa = PBXFileReference; lastKnownFileType = text.plist.xml; path = Info.plist; sourceTree = "<group>"; };
		0A4024FC1F20B70C00D7D230 /* AppDelegate.h */ = {isa = PBXFileReference; fileEncoding = 4; lastKnownFileType = sourcecode.c.h; path = AppDelegate.h; sourceTree = "<group>"; };
		0A4024FD1F20B70C00D7D230 /* AppDelegate.m */ = {isa = PBXFileReference; fileEncoding = 4; lastKnownFileType = sourcecode.c.objc; path = AppDelegate.m; sourceTree = "<group>"; };
		0A4025021F20B70C00D7D230 /* SIXNavigationController.h */ = {isa = PBXFileReference; fileEncoding = 4; lastKnownFileType = sourcecode.c.h; path = SIXNavigationController.h; sourceTree = "<group>"; };
		0A4025031F20B70C00D7D230 /* SIXNavigationController.m */ = {isa = PBXFileReference; fileEncoding = 4; lastKnownFileType = sourcecode.c.objc; path = SIXNavigationController.m; sourceTree = "<group>"; };
		0A40250F1F20B70C00D7D230 /* SIXNavigationBar.h */ = {isa = PBXFileReference; fileEncoding = 4; lastKnownFileType = sourcecode.c.h; path = SIXNavigationBar.h; sourceTree = "<group>"; };
		0A4025101F20B70C00D7D230 /* SIXNavigationBar.m */ = {isa = PBXFileReference; fileEncoding = 4; lastKnownFileType = sourcecode.c.objc; path = SIXNavigationBar.m; sourceTree = "<group>"; };
		0A4025131F20B70C00D7D230 /* SIXColorMacro.h */ = {isa = PBXFileReference; fileEncoding = 4; lastKnownFileType = sourcecode.c.h; path = SIXColorMacro.h; sourceTree = "<group>"; };
		0A4025141F20B70C00D7D230 /* SIXGlobalMacro.h */ = {isa = PBXFileReference; fileEncoding = 4; lastKnownFileType = sourcecode.c.h; path = SIXGlobalMacro.h; sourceTree = "<group>"; };
		0A4025151F20B70C00D7D230 /* SixLive.h */ = {isa = PBXFileReference; fileEncoding = 4; lastKnownFileType = sourcecode.c.h; path = SixLive.h; sourceTree = "<group>"; };
		0A4025581F20B77900D7D230 /* PrefixHeader.pch */ = {isa = PBXFileReference; lastKnownFileType = sourcecode.c.h; path = PrefixHeader.pch; sourceTree = "<group>"; };
		0A4025641F20BA0800D7D230 /* NSString+Addition.h */ = {isa = PBXFileReference; fileEncoding = 4; lastKnownFileType = sourcecode.c.h; path = "NSString+Addition.h"; sourceTree = "<group>"; };
		0A4025651F20BA0800D7D230 /* NSString+Addition.m */ = {isa = PBXFileReference; fileEncoding = 4; lastKnownFileType = sourcecode.c.objc; path = "NSString+Addition.m"; sourceTree = "<group>"; };
		0A4025661F20BA0800D7D230 /* UIColor+Addition.h */ = {isa = PBXFileReference; fileEncoding = 4; lastKnownFileType = sourcecode.c.h; path = "UIColor+Addition.h"; sourceTree = "<group>"; };
		0A4025671F20BA0800D7D230 /* UIColor+Addition.m */ = {isa = PBXFileReference; fileEncoding = 4; lastKnownFileType = sourcecode.c.objc; path = "UIColor+Addition.m"; sourceTree = "<group>"; };
		0A4025681F20BA0800D7D230 /* UIView+Addition.h */ = {isa = PBXFileReference; fileEncoding = 4; lastKnownFileType = sourcecode.c.h; path = "UIView+Addition.h"; sourceTree = "<group>"; };
		0A4025691F20BA0800D7D230 /* UIView+Addition.m */ = {isa = PBXFileReference; fileEncoding = 4; lastKnownFileType = sourcecode.c.objc; path = "UIView+Addition.m"; sourceTree = "<group>"; };
		0A40256D1F20BA2C00D7D230 /* NSString+Check.h */ = {isa = PBXFileReference; fileEncoding = 4; lastKnownFileType = sourcecode.c.h; path = "NSString+Check.h"; sourceTree = "<group>"; };
		0A40256E1F20BA2C00D7D230 /* NSString+Check.m */ = {isa = PBXFileReference; fileEncoding = 4; lastKnownFileType = sourcecode.c.objc; path = "NSString+Check.m"; sourceTree = "<group>"; };
		0A4025711F20BA6E00D7D230 /* SIXHttpRequest.h */ = {isa = PBXFileReference; fileEncoding = 4; lastKnownFileType = sourcecode.c.h; path = SIXHttpRequest.h; sourceTree = "<group>"; };
		0A4025721F20BA6E00D7D230 /* SIXHttpRequest.m */ = {isa = PBXFileReference; fileEncoding = 4; lastKnownFileType = sourcecode.c.objc; path = SIXHttpRequest.m; sourceTree = "<group>"; };
		0A4025751F20BB2700D7D230 /* SIXMainTabBarController.h */ = {isa = PBXFileReference; fileEncoding = 4; lastKnownFileType = sourcecode.c.h; path = SIXMainTabBarController.h; sourceTree = "<group>"; };
		0A4025761F20BB2700D7D230 /* SIXMainTabBarController.m */ = {isa = PBXFileReference; fileEncoding = 4; lastKnownFileType = sourcecode.c.objc; path = SIXMainTabBarController.m; sourceTree = "<group>"; };
		0A4025781F20BD0700D7D230 /* SIXBaseViewController.h */ = {isa = PBXFileReference; fileEncoding = 4; lastKnownFileType = sourcecode.c.h; path = SIXBaseViewController.h; sourceTree = "<group>"; };
		0A4025791F20BD0700D7D230 /* SIXBaseViewController.m */ = {isa = PBXFileReference; fileEncoding = 4; lastKnownFileType = sourcecode.c.objc; path = SIXBaseViewController.m; sourceTree = "<group>"; };
		0A40257A1F20BD0700D7D230 /* SIXViewController.h */ = {isa = PBXFileReference; fileEncoding = 4; lastKnownFileType = sourcecode.c.h; path = SIXViewController.h; sourceTree = "<group>"; };
		0A40257B1F20BD0700D7D230 /* SIXViewController.m */ = {isa = PBXFileReference; fileEncoding = 4; lastKnownFileType = sourcecode.c.objc; path = SIXViewController.m; sourceTree = "<group>"; };
		0A40257E1F20BF1600D7D230 /* AppContext.h */ = {isa = PBXFileReference; fileEncoding = 4; lastKnownFileType = sourcecode.c.h; path = AppContext.h; sourceTree = "<group>"; };
		0A40257F1F20BF1600D7D230 /* AppContext.m */ = {isa = PBXFileReference; fileEncoding = 4; lastKnownFileType = sourcecode.c.objc; path = AppContext.m; sourceTree = "<group>"; };
		0A4EA1AD1F2847330003DAD4 /* SIXMineViewController.h */ = {isa = PBXFileReference; fileEncoding = 4; lastKnownFileType = sourcecode.c.h; path = SIXMineViewController.h; sourceTree = "<group>"; };
		0A4EA1AE1F2847330003DAD4 /* SIXMineViewController.m */ = {isa = PBXFileReference; fileEncoding = 4; lastKnownFileType = sourcecode.c.objc; path = SIXMineViewController.m; sourceTree = "<group>"; };
		0A4EA1B01F284B7E0003DAD4 /* SIXGroupInfo.h */ = {isa = PBXFileReference; fileEncoding = 4; lastKnownFileType = sourcecode.c.h; path = SIXGroupInfo.h; sourceTree = "<group>"; };
		0A4EA1B11F284B7E0003DAD4 /* SIXGroupInfo.m */ = {isa = PBXFileReference; fileEncoding = 4; lastKnownFileType = sourcecode.c.objc; path = SIXGroupInfo.m; sourceTree = "<group>"; };
		0A4EA1B61F287EB50003DAD4 /* SIXMineVCModel.h */ = {isa = PBXFileReference; fileEncoding = 4; lastKnownFileType = sourcecode.c.h; path = SIXMineVCModel.h; sourceTree = "<group>"; };
		0A4EA1B71F287EB50003DAD4 /* SIXMineVCModel.m */ = {isa = PBXFileReference; fileEncoding = 4; lastKnownFileType = sourcecode.c.objc; path = SIXMineVCModel.m; sourceTree = "<group>"; };
		0A4EA1B91F287F880003DAD4 /* SIXMineInfoCell.h */ = {isa = PBXFileReference; fileEncoding = 4; lastKnownFileType = sourcecode.c.h; path = SIXMineInfoCell.h; sourceTree = "<group>"; };
		0A4EA1BA1F287F880003DAD4 /* SIXMineInfoCell.m */ = {isa = PBXFileReference; fileEncoding = 4; lastKnownFileType = sourcecode.c.objc; path = SIXMineInfoCell.m; sourceTree = "<group>"; };
		0A4EA1BC1F2880A20003DAD4 /* Storyboard.storyboard */ = {isa = PBXFileReference; fileEncoding = 4; lastKnownFileType = file.storyboard; path = Storyboard.storyboard; sourceTree = "<group>"; };
		0A4EA1BE1F2883290003DAD4 /* SIXMineNormalCell.h */ = {isa = PBXFileReference; fileEncoding = 4; lastKnownFileType = sourcecode.c.h; path = SIXMineNormalCell.h; sourceTree = "<group>"; };
		0A4EA1BF1F2883290003DAD4 /* SIXMineNormalCell.m */ = {isa = PBXFileReference; fileEncoding = 4; lastKnownFileType = sourcecode.c.objc; path = SIXMineNormalCell.m; sourceTree = "<group>"; };
		0A4EA1C51F2894C30003DAD4 /* SIXCustomerServiceViewController.h */ = {isa = PBXFileReference; fileEncoding = 4; lastKnownFileType = sourcecode.c.h; path = SIXCustomerServiceViewController.h; sourceTree = "<group>"; };
		0A4EA1C61F2894C30003DAD4 /* SIXCustomerServiceViewController.m */ = {isa = PBXFileReference; fileEncoding = 4; lastKnownFileType = sourcecode.c.objc; path = SIXCustomerServiceViewController.m; sourceTree = "<group>"; };
		0A4EA1D01F28A5F80003DAD4 /* SIXLoginVCModel.h */ = {isa = PBXFileReference; fileEncoding = 4; lastKnownFileType = sourcecode.c.h; path = SIXLoginVCModel.h; sourceTree = "<group>"; };
		0A4EA1D11F28A5F80003DAD4 /* SIXLoginVCModel.m */ = {isa = PBXFileReference; fileEncoding = 4; lastKnownFileType = sourcecode.c.objc; path = SIXLoginVCModel.m; sourceTree = "<group>"; };
		0A4EA1D31F28A7A30003DAD4 /* SIXFindVCModel.h */ = {isa = PBXFileReference; fileEncoding = 4; lastKnownFileType = sourcecode.c.h; path = SIXFindVCModel.h; sourceTree = "<group>"; };
		0A4EA1D41F28A7A30003DAD4 /* SIXFindVCModel.m */ = {isa = PBXFileReference; fileEncoding = 4; lastKnownFileType = sourcecode.c.objc; path = SIXFindVCModel.m; sourceTree = "<group>"; };
		0A4EA1D61F28A7E80003DAD4 /* SIXChatRoom.h */ = {isa = PBXFileReference; fileEncoding = 4; lastKnownFileType = sourcecode.c.h; path = SIXChatRoom.h; sourceTree = "<group>"; };
		0A4EA1D71F28A7E80003DAD4 /* SIXChatRoom.m */ = {isa = PBXFileReference; fileEncoding = 4; lastKnownFileType = sourcecode.c.objc; path = SIXChatRoom.m; sourceTree = "<group>"; };
		0A50F4821F26E2D200FD8C04 /* SIXContactViewController.h */ = {isa = PBXFileReference; fileEncoding = 4; lastKnownFileType = sourcecode.c.h; path = SIXContactViewController.h; sourceTree = "<group>"; };
		0A50F4831F26E2D200FD8C04 /* SIXContactViewController.m */ = {isa = PBXFileReference; fileEncoding = 4; lastKnownFileType = sourcecode.c.objc; path = SIXContactViewController.m; sourceTree = "<group>"; };
		0A50F4881F26E31800FD8C04 /* SIXContactVCModel.h */ = {isa = PBXFileReference; fileEncoding = 4; lastKnownFileType = sourcecode.c.h; path = SIXContactVCModel.h; sourceTree = "<group>"; };
		0A50F4891F26E31800FD8C04 /* SIXContactVCModel.m */ = {isa = PBXFileReference; fileEncoding = 4; lastKnownFileType = sourcecode.c.objc; path = SIXContactVCModel.m; sourceTree = "<group>"; };
		0A50F48B1F26E46600FD8C04 /* SIXEnum.h */ = {isa = PBXFileReference; lastKnownFileType = sourcecode.c.h; path = SIXEnum.h; sourceTree = "<group>"; };
		0A50F48C1F26E9C100FD8C04 /* SIXContact.h */ = {isa = PBXFileReference; fileEncoding = 4; lastKnownFileType = sourcecode.c.h; path = SIXContact.h; sourceTree = "<group>"; };
		0A50F48D1F26E9C100FD8C04 /* SIXContact.m */ = {isa = PBXFileReference; fileEncoding = 4; lastKnownFileType = sourcecode.c.objc; path = SIXContact.m; sourceTree = "<group>"; };
		0A50F4931F26EA7400FD8C04 /* SIXUserInfo.h */ = {isa = PBXFileReference; fileEncoding = 4; lastKnownFileType = sourcecode.c.h; path = SIXUserInfo.h; sourceTree = "<group>"; };
		0A50F4941F26EA7400FD8C04 /* SIXUserInfo.m */ = {isa = PBXFileReference; fileEncoding = 4; lastKnownFileType = sourcecode.c.objc; path = SIXUserInfo.m; sourceTree = "<group>"; };
		0A50F4971F26F5B700FD8C04 /* SIXTableViewCell.h */ = {isa = PBXFileReference; fileEncoding = 4; lastKnownFileType = sourcecode.c.h; path = SIXTableViewCell.h; sourceTree = "<group>"; };
		0A50F4981F26F5B700FD8C04 /* SIXTableViewCell.m */ = {isa = PBXFileReference; fileEncoding = 4; lastKnownFileType = sourcecode.c.objc; path = SIXTableViewCell.m; sourceTree = "<group>"; };
		0A50F49A1F26F60600FD8C04 /* SIXContactCell.h */ = {isa = PBXFileReference; fileEncoding = 4; lastKnownFileType = sourcecode.c.h; path = SIXContactCell.h; sourceTree = "<group>"; };
		0A50F49B1F26F60600FD8C04 /* SIXContactCell.m */ = {isa = PBXFileReference; fileEncoding = 4; lastKnownFileType = sourcecode.c.objc; path = SIXContactCell.m; sourceTree = "<group>"; };
		0A50F4A31F2721EE00FD8C04 /* SIXTipMessageContent.h */ = {isa = PBXFileReference; fileEncoding = 4; lastKnownFileType = sourcecode.c.h; path = SIXTipMessageContent.h; sourceTree = "<group>"; };
		0A50F4A41F2721EE00FD8C04 /* SIXTipMessageContent.m */ = {isa = PBXFileReference; fileEncoding = 4; lastKnownFileType = sourcecode.c.objc; path = SIXTipMessageContent.m; sourceTree = "<group>"; };
		0A50F4A61F2729D700FD8C04 /* SIXTipMessageCell.h */ = {isa = PBXFileReference; fileEncoding = 4; lastKnownFileType = sourcecode.c.h; path = SIXTipMessageCell.h; sourceTree = "<group>"; };
		0A50F4A71F2729D700FD8C04 /* SIXTipMessageCell.m */ = {isa = PBXFileReference; fileEncoding = 4; lastKnownFileType = sourcecode.c.objc; path = SIXTipMessageCell.m; sourceTree = "<group>"; };
		0A50F4A91F27469A00FD8C04 /* SIXConversationModel.h */ = {isa = PBXFileReference; fileEncoding = 4; lastKnownFileType = sourcecode.c.h; path = SIXConversationModel.h; sourceTree = "<group>"; };
		0A50F4AA1F27469A00FD8C04 /* SIXConversationModel.m */ = {isa = PBXFileReference; fileEncoding = 4; lastKnownFileType = sourcecode.c.objc; path = SIXConversationModel.m; sourceTree = "<group>"; };
		0A50F4AC1F2748CC00FD8C04 /* SIXProductMessageContent.h */ = {isa = PBXFileReference; fileEncoding = 4; lastKnownFileType = sourcecode.c.h; path = SIXProductMessageContent.h; sourceTree = "<group>"; };
		0A50F4AD1F2748CC00FD8C04 /* SIXProductMessageContent.m */ = {isa = PBXFileReference; fileEncoding = 4; lastKnownFileType = sourcecode.c.objc; path = SIXProductMessageContent.m; sourceTree = "<group>"; };
		0A5587B11F2193D700673AFE /* SIXLoginViewController.h */ = {isa = PBXFileReference; fileEncoding = 4; lastKnownFileType = sourcecode.c.h; path = SIXLoginViewController.h; sourceTree = "<group>"; };
		0A5587B21F2193D700673AFE /* SIXLoginViewController.m */ = {isa = PBXFileReference; fileEncoding = 4; lastKnownFileType = sourcecode.c.objc; path = SIXLoginViewController.m; sourceTree = "<group>"; };
		0A5587B51F21A1D900673AFE /* AFHTTPRequestOperation.h */ = {isa = PBXFileReference; fileEncoding = 4; lastKnownFileType = sourcecode.c.h; path = AFHTTPRequestOperation.h; sourceTree = "<group>"; };
		0A5587B61F21A1D900673AFE /* AFHTTPRequestOperation.m */ = {isa = PBXFileReference; fileEncoding = 4; lastKnownFileType = sourcecode.c.objc; path = AFHTTPRequestOperation.m; sourceTree = "<group>"; };
		0A5587B71F21A1D900673AFE /* AFHTTPRequestOperationManager.h */ = {isa = PBXFileReference; fileEncoding = 4; lastKnownFileType = sourcecode.c.h; path = AFHTTPRequestOperationManager.h; sourceTree = "<group>"; };
		0A5587B81F21A1D900673AFE /* AFHTTPRequestOperationManager.m */ = {isa = PBXFileReference; fileEncoding = 4; lastKnownFileType = sourcecode.c.objc; path = AFHTTPRequestOperationManager.m; sourceTree = "<group>"; };
		0A5587B91F21A1D900673AFE /* AFHTTPSessionManager.h */ = {isa = PBXFileReference; fileEncoding = 4; lastKnownFileType = sourcecode.c.h; path = AFHTTPSessionManager.h; sourceTree = "<group>"; };
		0A5587BA1F21A1D900673AFE /* AFHTTPSessionManager.m */ = {isa = PBXFileReference; fileEncoding = 4; lastKnownFileType = sourcecode.c.objc; path = AFHTTPSessionManager.m; sourceTree = "<group>"; };
		0A5587BB1F21A1D900673AFE /* AFNetworking.h */ = {isa = PBXFileReference; fileEncoding = 4; lastKnownFileType = sourcecode.c.h; path = AFNetworking.h; sourceTree = "<group>"; };
		0A5587BC1F21A1D900673AFE /* AFNetworkReachabilityManager.h */ = {isa = PBXFileReference; fileEncoding = 4; lastKnownFileType = sourcecode.c.h; path = AFNetworkReachabilityManager.h; sourceTree = "<group>"; };
		0A5587BD1F21A1D900673AFE /* AFNetworkReachabilityManager.m */ = {isa = PBXFileReference; fileEncoding = 4; lastKnownFileType = sourcecode.c.objc; path = AFNetworkReachabilityManager.m; sourceTree = "<group>"; };
		0A5587BE1F21A1D900673AFE /* AFSecurityPolicy.h */ = {isa = PBXFileReference; fileEncoding = 4; lastKnownFileType = sourcecode.c.h; path = AFSecurityPolicy.h; sourceTree = "<group>"; };
		0A5587BF1F21A1D900673AFE /* AFSecurityPolicy.m */ = {isa = PBXFileReference; fileEncoding = 4; lastKnownFileType = sourcecode.c.objc; path = AFSecurityPolicy.m; sourceTree = "<group>"; };
		0A5587C01F21A1D900673AFE /* AFURLConnectionOperation.h */ = {isa = PBXFileReference; fileEncoding = 4; lastKnownFileType = sourcecode.c.h; path = AFURLConnectionOperation.h; sourceTree = "<group>"; };
		0A5587C11F21A1D900673AFE /* AFURLConnectionOperation.m */ = {isa = PBXFileReference; fileEncoding = 4; lastKnownFileType = sourcecode.c.objc; path = AFURLConnectionOperation.m; sourceTree = "<group>"; };
		0A5587C21F21A1D900673AFE /* AFURLRequestSerialization.h */ = {isa = PBXFileReference; fileEncoding = 4; lastKnownFileType = sourcecode.c.h; path = AFURLRequestSerialization.h; sourceTree = "<group>"; };
		0A5587C31F21A1D900673AFE /* AFURLRequestSerialization.m */ = {isa = PBXFileReference; fileEncoding = 4; lastKnownFileType = sourcecode.c.objc; path = AFURLRequestSerialization.m; sourceTree = "<group>"; };
		0A5587C41F21A1D900673AFE /* AFURLResponseSerialization.h */ = {isa = PBXFileReference; fileEncoding = 4; lastKnownFileType = sourcecode.c.h; path = AFURLResponseSerialization.h; sourceTree = "<group>"; };
		0A5587C51F21A1D900673AFE /* AFURLResponseSerialization.m */ = {isa = PBXFileReference; fileEncoding = 4; lastKnownFileType = sourcecode.c.objc; path = AFURLResponseSerialization.m; sourceTree = "<group>"; };
		0A5587C61F21A1D900673AFE /* AFURLSessionManager.h */ = {isa = PBXFileReference; fileEncoding = 4; lastKnownFileType = sourcecode.c.h; path = AFURLSessionManager.h; sourceTree = "<group>"; };
		0A5587C71F21A1D900673AFE /* AFURLSessionManager.m */ = {isa = PBXFileReference; fileEncoding = 4; lastKnownFileType = sourcecode.c.objc; path = AFURLSessionManager.m; sourceTree = "<group>"; };
		0A5587C91F21A1D900673AFE /* AFNetworkActivityIndicatorManager.h */ = {isa = PBXFileReference; fileEncoding = 4; lastKnownFileType = sourcecode.c.h; path = AFNetworkActivityIndicatorManager.h; sourceTree = "<group>"; };
		0A5587CA1F21A1D900673AFE /* AFNetworkActivityIndicatorManager.m */ = {isa = PBXFileReference; fileEncoding = 4; lastKnownFileType = sourcecode.c.objc; path = AFNetworkActivityIndicatorManager.m; sourceTree = "<group>"; };
		0A5587CB1F21A1D900673AFE /* UIActivityIndicatorView+AFNetworking.h */ = {isa = PBXFileReference; fileEncoding = 4; lastKnownFileType = sourcecode.c.h; path = "UIActivityIndicatorView+AFNetworking.h"; sourceTree = "<group>"; };
		0A5587CC1F21A1D900673AFE /* UIActivityIndicatorView+AFNetworking.m */ = {isa = PBXFileReference; fileEncoding = 4; lastKnownFileType = sourcecode.c.objc; path = "UIActivityIndicatorView+AFNetworking.m"; sourceTree = "<group>"; };
		0A5587CD1F21A1D900673AFE /* UIAlertView+AFNetworking.h */ = {isa = PBXFileReference; fileEncoding = 4; lastKnownFileType = sourcecode.c.h; path = "UIAlertView+AFNetworking.h"; sourceTree = "<group>"; };
		0A5587CE1F21A1D900673AFE /* UIAlertView+AFNetworking.m */ = {isa = PBXFileReference; fileEncoding = 4; lastKnownFileType = sourcecode.c.objc; path = "UIAlertView+AFNetworking.m"; sourceTree = "<group>"; };
		0A5587CF1F21A1D900673AFE /* UIButton+AFNetworking.h */ = {isa = PBXFileReference; fileEncoding = 4; lastKnownFileType = sourcecode.c.h; path = "UIButton+AFNetworking.h"; sourceTree = "<group>"; };
		0A5587D01F21A1D900673AFE /* UIButton+AFNetworking.m */ = {isa = PBXFileReference; fileEncoding = 4; lastKnownFileType = sourcecode.c.objc; path = "UIButton+AFNetworking.m"; sourceTree = "<group>"; };
		0A5587D11F21A1D900673AFE /* UIImageView+AFNetworking.h */ = {isa = PBXFileReference; fileEncoding = 4; lastKnownFileType = sourcecode.c.h; path = "UIImageView+AFNetworking.h"; sourceTree = "<group>"; };
		0A5587D21F21A1D900673AFE /* UIImageView+AFNetworking.m */ = {isa = PBXFileReference; fileEncoding = 4; lastKnownFileType = sourcecode.c.objc; path = "UIImageView+AFNetworking.m"; sourceTree = "<group>"; };
		0A5587D31F21A1D900673AFE /* UIKit+AFNetworking.h */ = {isa = PBXFileReference; fileEncoding = 4; lastKnownFileType = sourcecode.c.h; path = "UIKit+AFNetworking.h"; sourceTree = "<group>"; };
		0A5587D41F21A1D900673AFE /* UIProgressView+AFNetworking.h */ = {isa = PBXFileReference; fileEncoding = 4; lastKnownFileType = sourcecode.c.h; path = "UIProgressView+AFNetworking.h"; sourceTree = "<group>"; };
		0A5587D51F21A1D900673AFE /* UIProgressView+AFNetworking.m */ = {isa = PBXFileReference; fileEncoding = 4; lastKnownFileType = sourcecode.c.objc; path = "UIProgressView+AFNetworking.m"; sourceTree = "<group>"; };
		0A5587D61F21A1D900673AFE /* UIRefreshControl+AFNetworking.h */ = {isa = PBXFileReference; fileEncoding = 4; lastKnownFileType = sourcecode.c.h; path = "UIRefreshControl+AFNetworking.h"; sourceTree = "<group>"; };
		0A5587D71F21A1D900673AFE /* UIRefreshControl+AFNetworking.m */ = {isa = PBXFileReference; fileEncoding = 4; lastKnownFileType = sourcecode.c.objc; path = "UIRefreshControl+AFNetworking.m"; sourceTree = "<group>"; };
		0A5587D81F21A1D900673AFE /* UIWebView+AFNetworking.h */ = {isa = PBXFileReference; fileEncoding = 4; lastKnownFileType = sourcecode.c.h; path = "UIWebView+AFNetworking.h"; sourceTree = "<group>"; };
		0A5587D91F21A1D900673AFE /* UIWebView+AFNetworking.m */ = {isa = PBXFileReference; fileEncoding = 4; lastKnownFileType = sourcecode.c.objc; path = "UIWebView+AFNetworking.m"; sourceTree = "<group>"; };
		0A5587EB1F21A21900673AFE /* AFHttpTool.h */ = {isa = PBXFileReference; fileEncoding = 4; lastKnownFileType = sourcecode.c.h; path = AFHttpTool.h; sourceTree = "<group>"; };
		0A5587EC1F21A21900673AFE /* AFHttpTool.m */ = {isa = PBXFileReference; fileEncoding = 4; lastKnownFileType = sourcecode.c.objc; path = AFHttpTool.m; sourceTree = "<group>"; };
		0A5587EF1F21A4B300673AFE /* RCDCommonDefine.h */ = {isa = PBXFileReference; fileEncoding = 4; lastKnownFileType = sourcecode.c.h; path = RCDCommonDefine.h; sourceTree = "<group>"; };
		0A5587F01F21A4D500673AFE /* RCDSettingUserDefaults.h */ = {isa = PBXFileReference; fileEncoding = 4; lastKnownFileType = sourcecode.c.h; path = RCDSettingUserDefaults.h; sourceTree = "<group>"; };
		0A5587F11F21A4D500673AFE /* RCDSettingUserDefaults.m */ = {isa = PBXFileReference; fileEncoding = 4; lastKnownFileType = sourcecode.c.objc; path = RCDSettingUserDefaults.m; sourceTree = "<group>"; };
		0A5587F31F21A7E200673AFE /* NSDictionary+SIXParse.h */ = {isa = PBXFileReference; fileEncoding = 4; lastKnownFileType = sourcecode.c.h; path = "NSDictionary+SIXParse.h"; sourceTree = "<group>"; };
		0A5587F41F21A7E200673AFE /* NSDictionary+SIXParse.m */ = {isa = PBXFileReference; fileEncoding = 4; lastKnownFileType = sourcecode.c.objc; path = "NSDictionary+SIXParse.m"; sourceTree = "<group>"; };
		0A5587F81F21B1C800673AFE /* SIXUserManager.h */ = {isa = PBXFileReference; fileEncoding = 4; lastKnownFileType = sourcecode.c.h; path = SIXUserManager.h; sourceTree = "<group>"; };
		0A5587F91F21B1C800673AFE /* SIXUserManager.m */ = {isa = PBXFileReference; fileEncoding = 4; lastKnownFileType = sourcecode.c.objc; path = SIXUserManager.m; sourceTree = "<group>"; };
		0A5587FF1F21B74200673AFE /* SIXConversationListViewController.h */ = {isa = PBXFileReference; fileEncoding = 4; lastKnownFileType = sourcecode.c.h; path = SIXConversationListViewController.h; sourceTree = "<group>"; };
		0A5588001F21B74200673AFE /* SIXConversationListViewController.m */ = {isa = PBXFileReference; fileEncoding = 4; lastKnownFileType = sourcecode.c.objc; path = SIXConversationListViewController.m; sourceTree = "<group>"; };
		0A5588031F21D8C500673AFE /* RCDUtilities.h */ = {isa = PBXFileReference; fileEncoding = 4; lastKnownFileType = sourcecode.c.h; path = RCDUtilities.h; sourceTree = "<group>"; };
		0A5588041F21D8C500673AFE /* RCDUtilities.m */ = {isa = PBXFileReference; fileEncoding = 4; lastKnownFileType = sourcecode.c.objc; path = RCDUtilities.m; sourceTree = "<group>"; };
		0A5588061F21D93700673AFE /* pinyin.c */ = {isa = PBXFileReference; fileEncoding = 4; lastKnownFileType = sourcecode.c.c; path = pinyin.c; sourceTree = "<group>"; };
		0A5588071F21D93700673AFE /* pinyin.h */ = {isa = PBXFileReference; fileEncoding = 4; lastKnownFileType = sourcecode.c.h; path = pinyin.h; sourceTree = "<group>"; };
		0AD65B2A1F27501C00C2BE48 /* SIXProductMessageCell.h */ = {isa = PBXFileReference; fileEncoding = 4; lastKnownFileType = sourcecode.c.h; path = SIXProductMessageCell.h; sourceTree = "<group>"; };
		0AD65B2B1F27501C00C2BE48 /* SIXProductMessageCell.m */ = {isa = PBXFileReference; fileEncoding = 4; lastKnownFileType = sourcecode.c.objc; path = SIXProductMessageCell.m; sourceTree = "<group>"; };
		0ADF48261F258DE700C870F2 /* SIXConversationViewController.h */ = {isa = PBXFileReference; fileEncoding = 4; lastKnownFileType = sourcecode.c.h; path = SIXConversationViewController.h; sourceTree = "<group>"; };
		0ADF48271F258DE700C870F2 /* SIXConversationViewController.m */ = {isa = PBXFileReference; fileEncoding = 4; lastKnownFileType = sourcecode.c.objc; path = SIXConversationViewController.m; sourceTree = "<group>"; };
		0ADF482A1F25AC1900C870F2 /* SIXIMDataSource.h */ = {isa = PBXFileReference; fileEncoding = 4; lastKnownFileType = sourcecode.c.h; path = SIXIMDataSource.h; sourceTree = "<group>"; };
		0ADF482B1F25AC1900C870F2 /* SIXIMDataSource.m */ = {isa = PBXFileReference; fileEncoding = 4; lastKnownFileType = sourcecode.c.objc; path = SIXIMDataSource.m; sourceTree = "<group>"; };
		0ADF48341F2604B000C870F2 /* SIXDataSourceTool.h */ = {isa = PBXFileReference; fileEncoding = 4; lastKnownFileType = sourcecode.c.h; path = SIXDataSourceTool.h; sourceTree = "<group>"; };
		0ADF48351F2604B000C870F2 /* SIXDataSourceTool.m */ = {isa = PBXFileReference; fileEncoding = 4; lastKnownFileType = sourcecode.c.objc; path = SIXDataSourceTool.m; sourceTree = "<group>"; };
		0CFD424D6F5BB43D5A3636A2 /* libPods-testIMUITests.a */ = {isa = PBXFileReference; explicitFileType = archive.ar; includeInIndex = 0; path = "libPods-testIMUITests.a"; sourceTree = BUILT_PRODUCTS_DIR; };
		1A755273E79198A366A56AB3 /* libPods-testIM.a */ = {isa = PBXFileReference; explicitFileType = archive.ar; includeInIndex = 0; path = "libPods-testIM.a"; sourceTree = BUILT_PRODUCTS_DIR; };
		1FE69FD7689A40ED5151952A /* Pods-testIMUITests.debug.xcconfig */ = {isa = PBXFileReference; includeInIndex = 1; lastKnownFileType = text.xcconfig; name = "Pods-testIMUITests.debug.xcconfig"; path = "Pods/Target Support Files/Pods-testIMUITests/Pods-testIMUITests.debug.xcconfig"; sourceTree = "<group>"; };
		36117258807CA0F90BF393CA /* Pods-testIMTests.release.xcconfig */ = {isa = PBXFileReference; includeInIndex = 1; lastKnownFileType = text.xcconfig; name = "Pods-testIMTests.release.xcconfig"; path = "Pods/Target Support Files/Pods-testIMTests/Pods-testIMTests.release.xcconfig"; sourceTree = "<group>"; };
		423CFF000DBB0F1D72CBB600 /* Pods-testIM.release.xcconfig */ = {isa = PBXFileReference; includeInIndex = 1; lastKnownFileType = text.xcconfig; name = "Pods-testIM.release.xcconfig"; path = "Pods/Target Support Files/Pods-testIM/Pods-testIM.release.xcconfig"; sourceTree = "<group>"; };
		A99B5D13945993A55E3B20EF /* Pods-testIM.debug.xcconfig */ = {isa = PBXFileReference; includeInIndex = 1; lastKnownFileType = text.xcconfig; name = "Pods-testIM.debug.xcconfig"; path = "Pods/Target Support Files/Pods-testIM/Pods-testIM.debug.xcconfig"; sourceTree = "<group>"; };
		D61BF194B7EB3FA8D30BE15D /* libPods-testIMTests.a */ = {isa = PBXFileReference; explicitFileType = archive.ar; includeInIndex = 0; path = "libPods-testIMTests.a"; sourceTree = BUILT_PRODUCTS_DIR; };
		EF2D22D1938F7C0A283FFAFB /* Pods-testIMUITests.release.xcconfig */ = {isa = PBXFileReference; includeInIndex = 1; lastKnownFileType = text.xcconfig; name = "Pods-testIMUITests.release.xcconfig"; path = "Pods/Target Support Files/Pods-testIMUITests/Pods-testIMUITests.release.xcconfig"; sourceTree = "<group>"; };
/* End PBXFileReference section */

/* Begin PBXFrameworksBuildPhase section */
		0A4024C21F20B62D00D7D230 /* Frameworks */ = {
			isa = PBXFrameworksBuildPhase;
			buildActionMask = 2147483647;
			files = (
				C61004C1BF3DFC9473E191A7 /* libPods-testIM.a in Frameworks */,
			);
			runOnlyForDeploymentPostprocessing = 0;
		};
		0A4024DB1F20B62D00D7D230 /* Frameworks */ = {
			isa = PBXFrameworksBuildPhase;
			buildActionMask = 2147483647;
			files = (
				0EAAA569CFD26546FE938068 /* libPods-testIMTests.a in Frameworks */,
			);
			runOnlyForDeploymentPostprocessing = 0;
		};
		0A4024E61F20B62D00D7D230 /* Frameworks */ = {
			isa = PBXFrameworksBuildPhase;
			buildActionMask = 2147483647;
			files = (
				3A69DB110C224CFA63E03B76 /* libPods-testIMUITests.a in Frameworks */,
			);
			runOnlyForDeploymentPostprocessing = 0;
		};
/* End PBXFrameworksBuildPhase section */

/* Begin PBXGroup section */
		0A4024BC1F20B62D00D7D230 = {
			isa = PBXGroup;
			children = (
				0A4024C71F20B62D00D7D230 /* testIM */,
				0A4024E11F20B62D00D7D230 /* testIMTests */,
				0A4024EC1F20B62D00D7D230 /* testIMUITests */,
				0A4024C61F20B62D00D7D230 /* Products */,
				E6AB6006FD206D9C0EBFC7C1 /* Pods */,
				C04C711A1912F23C89D867EB /* Frameworks */,
			);
			sourceTree = "<group>";
		};
		0A4024C61F20B62D00D7D230 /* Products */ = {
			isa = PBXGroup;
			children = (
				0A4024C51F20B62D00D7D230 /* testIM.app */,
				0A4024DE1F20B62D00D7D230 /* testIMTests.xctest */,
				0A4024E91F20B62D00D7D230 /* testIMUITests.xctest */,
			);
			name = Products;
			sourceTree = "<group>";
		};
		0A4024C71F20B62D00D7D230 /* testIM */ = {
			isa = PBXGroup;
			children = (
				0A4024FB1F20B70C00D7D230 /* AppDelegate */,
				0A4024FE1F20B70C00D7D230 /* Classes */,
				0A4025441F20B70C00D7D230 /* Resources */,
				0A4024D41F20B62D00D7D230 /* Assets.xcassets */,
				0A4024D61F20B62D00D7D230 /* LaunchScreen.storyboard */,
				0A4024D91F20B62D00D7D230 /* Info.plist */,
				0A4024C81F20B62D00D7D230 /* Supporting Files */,
			);
			path = testIM;
			sourceTree = "<group>";
		};
		0A4024C81F20B62D00D7D230 /* Supporting Files */ = {
			isa = PBXGroup;
			children = (
				0A4024C91F20B62D00D7D230 /* main.m */,
			);
			name = "Supporting Files";
			sourceTree = "<group>";
		};
		0A4024E11F20B62D00D7D230 /* testIMTests */ = {
			isa = PBXGroup;
			children = (
				0A4024E21F20B62D00D7D230 /* testIMTests.m */,
				0A4024E41F20B62D00D7D230 /* Info.plist */,
			);
			path = testIMTests;
			sourceTree = "<group>";
		};
		0A4024EC1F20B62D00D7D230 /* testIMUITests */ = {
			isa = PBXGroup;
			children = (
				0A4024ED1F20B62D00D7D230 /* testIMUITests.m */,
				0A4024EF1F20B62D00D7D230 /* Info.plist */,
			);
			path = testIMUITests;
			sourceTree = "<group>";
		};
		0A4024FB1F20B70C00D7D230 /* AppDelegate */ = {
			isa = PBXGroup;
			children = (
				0A4024FC1F20B70C00D7D230 /* AppDelegate.h */,
				0A4024FD1F20B70C00D7D230 /* AppDelegate.m */,
				0A40257E1F20BF1600D7D230 /* AppContext.h */,
				0A40257F1F20BF1600D7D230 /* AppContext.m */,
			);
			path = AppDelegate;
			sourceTree = "<group>";
		};
		0A4024FE1F20B70C00D7D230 /* Classes */ = {
			isa = PBXGroup;
			children = (
				0A4024FF1F20B70C00D7D230 /* General */,
				0A4025111F20B70C00D7D230 /* Helpers */,
				0A4025121F20B70C00D7D230 /* Macro */,
				0A4025161F20B70C00D7D230 /* Sections */,
				0A4025261F20B70C00D7D230 /* Vendors */,
			);
			path = Classes;
			sourceTree = "<group>";
		};
		0A4024FF1F20B70C00D7D230 /* General */ = {
			isa = PBXGroup;
			children = (
				0A40250D1F20B70C00D7D230 /* Views */,
				0A50F48F1F26EA5400FD8C04 /* Models */,
				0A5587EE1F21A4B300673AFE /* RCFile */,
				0A4025631F20BA0800D7D230 /* Categories */,
				0A4025001F20B70C00D7D230 /* Base */,
			);
			path = General;
			sourceTree = "<group>";
		};
		0A4025001F20B70C00D7D230 /* Base */ = {
			isa = PBXGroup;
			children = (
				0A4025741F20BAFC00D7D230 /* SIXTabBarController */,
				0A4025011F20B70C00D7D230 /* SIXNavigationController */,
				0A4025041F20B70C00D7D230 /* SIXViewController */,
			);
			path = Base;
			sourceTree = "<group>";
		};
		0A4025011F20B70C00D7D230 /* SIXNavigationController */ = {
			isa = PBXGroup;
			children = (
				0A4025021F20B70C00D7D230 /* SIXNavigationController.h */,
				0A4025031F20B70C00D7D230 /* SIXNavigationController.m */,
			);
			path = SIXNavigationController;
			sourceTree = "<group>";
		};
		0A4025041F20B70C00D7D230 /* SIXViewController */ = {
			isa = PBXGroup;
			children = (
				0A4025781F20BD0700D7D230 /* SIXBaseViewController.h */,
				0A4025791F20BD0700D7D230 /* SIXBaseViewController.m */,
				0A40257A1F20BD0700D7D230 /* SIXViewController.h */,
				0A40257B1F20BD0700D7D230 /* SIXViewController.m */,
			);
			path = SIXViewController;
			sourceTree = "<group>";
		};
		0A40250D1F20B70C00D7D230 /* Views */ = {
			isa = PBXGroup;
			children = (
				0A50F4961F26F5AB00FD8C04 /* SIXTableViewCell */,
				0A40250E1F20B70C00D7D230 /* SIXNavigationBar */,
			);
			path = Views;
			sourceTree = "<group>";
		};
		0A40250E1F20B70C00D7D230 /* SIXNavigationBar */ = {
			isa = PBXGroup;
			children = (
				0A40250F1F20B70C00D7D230 /* SIXNavigationBar.h */,
				0A4025101F20B70C00D7D230 /* SIXNavigationBar.m */,
			);
			path = SIXNavigationBar;
			sourceTree = "<group>";
		};
		0A4025111F20B70C00D7D230 /* Helpers */ = {
			isa = PBXGroup;
			children = (
				0ADF48291F25AC0B00C870F2 /* IMDataSource */,
				0A5588021F21D8C500673AFE /* RCUtils */,
				0A5587F71F21B1B500673AFE /* UserManager */,
				0A4025701F20BA6E00D7D230 /* http */,
			);
			path = Helpers;
			sourceTree = "<group>";
		};
		0A4025121F20B70C00D7D230 /* Macro */ = {
			isa = PBXGroup;
			children = (
				0A4025131F20B70C00D7D230 /* SIXColorMacro.h */,
				0A4025141F20B70C00D7D230 /* SIXGlobalMacro.h */,
				0A50F48B1F26E46600FD8C04 /* SIXEnum.h */,
				0A4025151F20B70C00D7D230 /* SixLive.h */,
			);
			path = Macro;
			sourceTree = "<group>";
		};
		0A4025161F20B70C00D7D230 /* Sections */ = {
			isa = PBXGroup;
			children = (
				0A4EA1C81F289EB10003DAD4 /* Find(发现) */,
				0A5587FB1F21B64800673AFE /* Contact */,
				0A5587FC1F21B64800673AFE /* Conversation */,
				0A5587FD1F21B64800673AFE /* ConversationList */,
				0A5587FE1F21B64800673AFE /* Mine */,
				0A5587B01F2193C700673AFE /* Login */,
			);
			path = Sections;
			sourceTree = "<group>";
		};
		0A4025261F20B70C00D7D230 /* Vendors */ = {
			isa = PBXGroup;
			children = (
				0A5587B41F21A1D900673AFE /* AFNetworking */,
			);
			path = Vendors;
			sourceTree = "<group>";
		};
		0A4025441F20B70C00D7D230 /* Resources */ = {
			isa = PBXGroup;
			children = (
				0A4025581F20B77900D7D230 /* PrefixHeader.pch */,
			);
			path = Resources;
			sourceTree = "<group>";
		};
		0A4025631F20BA0800D7D230 /* Categories */ = {
			isa = PBXGroup;
			children = (
				0A4025641F20BA0800D7D230 /* NSString+Addition.h */,
				0A4025651F20BA0800D7D230 /* NSString+Addition.m */,
				0A40256D1F20BA2C00D7D230 /* NSString+Check.h */,
				0A40256E1F20BA2C00D7D230 /* NSString+Check.m */,
				0A4025661F20BA0800D7D230 /* UIColor+Addition.h */,
				0A4025671F20BA0800D7D230 /* UIColor+Addition.m */,
				0A4025681F20BA0800D7D230 /* UIView+Addition.h */,
				0A4025691F20BA0800D7D230 /* UIView+Addition.m */,
				0A5587F31F21A7E200673AFE /* NSDictionary+SIXParse.h */,
				0A5587F41F21A7E200673AFE /* NSDictionary+SIXParse.m */,
			);
			path = Categories;
			sourceTree = "<group>";
		};
		0A4025701F20BA6E00D7D230 /* http */ = {
			isa = PBXGroup;
			children = (
				0A5587EB1F21A21900673AFE /* AFHttpTool.h */,
				0A5587EC1F21A21900673AFE /* AFHttpTool.m */,
				0A4025711F20BA6E00D7D230 /* SIXHttpRequest.h */,
				0A4025721F20BA6E00D7D230 /* SIXHttpRequest.m */,
				0ADF48341F2604B000C870F2 /* SIXDataSourceTool.h */,
				0ADF48351F2604B000C870F2 /* SIXDataSourceTool.m */,
			);
			path = http;
			sourceTree = "<group>";
		};
		0A4025741F20BAFC00D7D230 /* SIXTabBarController */ = {
			isa = PBXGroup;
			children = (
				0A4025751F20BB2700D7D230 /* SIXMainTabBarController.h */,
				0A4025761F20BB2700D7D230 /* SIXMainTabBarController.m */,
			);
			path = SIXTabBarController;
			sourceTree = "<group>";
		};
		0A4EA1B31F287E850003DAD4 /* Model */ = {
			isa = PBXGroup;
			children = (
				0A4EA1B61F287EB50003DAD4 /* SIXMineVCModel.h */,
				0A4EA1B71F287EB50003DAD4 /* SIXMineVCModel.m */,
			);
			path = Model;
			sourceTree = "<group>";
		};
		0A4EA1B41F287E850003DAD4 /* Others */ = {
			isa = PBXGroup;
			children = (
			);
			path = Others;
			sourceTree = "<group>";
		};
		0A4EA1B51F287E850003DAD4 /* View */ = {
			isa = PBXGroup;
			children = (
				0A4EA1B91F287F880003DAD4 /* SIXMineInfoCell.h */,
				0A4EA1BA1F287F880003DAD4 /* SIXMineInfoCell.m */,
				0A4EA1BE1F2883290003DAD4 /* SIXMineNormalCell.h */,
				0A4EA1BF1F2883290003DAD4 /* SIXMineNormalCell.m */,
				0A4EA1BC1F2880A20003DAD4 /* Storyboard.storyboard */,
			);
			path = View;
			sourceTree = "<group>";
		};
		0A4EA1C11F2893B50003DAD4 /* SubSections */ = {
			isa = PBXGroup;
			children = (
				0A4EA1C21F2893B50003DAD4 /* CustomerService */,
			);
			path = SubSections;
			sourceTree = "<group>";
		};
		0A4EA1C21F2893B50003DAD4 /* CustomerService */ = {
			isa = PBXGroup;
			children = (
				0A4EA1C31F2893B50003DAD4 /* Model */,
				0A4EA1C41F2893B50003DAD4 /* View */,
				0A4EA1C51F2894C30003DAD4 /* SIXCustomerServiceViewController.h */,
				0A4EA1C61F2894C30003DAD4 /* SIXCustomerServiceViewController.m */,
			);
			path = CustomerService;
			sourceTree = "<group>";
		};
		0A4EA1C31F2893B50003DAD4 /* Model */ = {
			isa = PBXGroup;
			children = (
			);
			path = Model;
			sourceTree = "<group>";
		};
		0A4EA1C41F2893B50003DAD4 /* View */ = {
			isa = PBXGroup;
			children = (
			);
			path = View;
			sourceTree = "<group>";
		};
		0A4EA1C81F289EB10003DAD4 /* Find(发现) */ = {
			isa = PBXGroup;
			children = (
				0A4EA1C91F289EE00003DAD4 /* Model */,
				0A4EA1CB1F289EE00003DAD4 /* View */,
				0A4EA1CA1F289EE00003DAD4 /* Others */,
			);
			path = "Find(发现)";
			sourceTree = "<group>";
		};
		0A4EA1C91F289EE00003DAD4 /* Model */ = {
			isa = PBXGroup;
			children = (
				0A4EA1D31F28A7A30003DAD4 /* SIXFindVCModel.h */,
				0A4EA1D41F28A7A30003DAD4 /* SIXFindVCModel.m */,
				0A4EA1D61F28A7E80003DAD4 /* SIXChatRoom.h */,
				0A4EA1D71F28A7E80003DAD4 /* SIXChatRoom.m */,
			);
			path = Model;
			sourceTree = "<group>";
		};
		0A4EA1CA1F289EE00003DAD4 /* Others */ = {
			isa = PBXGroup;
			children = (
			);
			path = Others;
			sourceTree = "<group>";
		};
		0A4EA1CB1F289EE00003DAD4 /* View */ = {
			isa = PBXGroup;
			children = (
			);
			path = View;
			sourceTree = "<group>";
		};
		0A4EA1CF1F28A5F80003DAD4 /* Model */ = {
			isa = PBXGroup;
			children = (
				0A4EA1D01F28A5F80003DAD4 /* SIXLoginVCModel.h */,
				0A4EA1D11F28A5F80003DAD4 /* SIXLoginVCModel.m */,
			);
			path = Model;
			sourceTree = "<group>";
		};
		0A50F4851F26E30100FD8C04 /* Model */ = {
			isa = PBXGroup;
			children = (
				0A50F4881F26E31800FD8C04 /* SIXContactVCModel.h */,
				0A50F4891F26E31800FD8C04 /* SIXContactVCModel.m */,
				0A50F48C1F26E9C100FD8C04 /* SIXContact.h */,
				0A50F48D1F26E9C100FD8C04 /* SIXContact.m */,
			);
			path = Model;
			sourceTree = "<group>";
		};
		0A50F4861F26E30100FD8C04 /* Others */ = {
			isa = PBXGroup;
			children = (
			);
			path = Others;
			sourceTree = "<group>";
		};
		0A50F4871F26E30100FD8C04 /* View */ = {
			isa = PBXGroup;
			children = (
				0A50F49A1F26F60600FD8C04 /* SIXContactCell.h */,
				0A50F49B1F26F60600FD8C04 /* SIXContactCell.m */,
			);
			path = View;
			sourceTree = "<group>";
		};
		0A50F48F1F26EA5400FD8C04 /* Models */ = {
			isa = PBXGroup;
			children = (
				0A50F4931F26EA7400FD8C04 /* SIXUserInfo.h */,
				0A50F4941F26EA7400FD8C04 /* SIXUserInfo.m */,
				0A4EA1B01F284B7E0003DAD4 /* SIXGroupInfo.h */,
				0A4EA1B11F284B7E0003DAD4 /* SIXGroupInfo.m */,
			);
			path = Models;
			sourceTree = "<group>";
		};
		0A50F4961F26F5AB00FD8C04 /* SIXTableViewCell */ = {
			isa = PBXGroup;
			children = (
				0A50F4971F26F5B700FD8C04 /* SIXTableViewCell.h */,
				0A50F4981F26F5B700FD8C04 /* SIXTableViewCell.m */,
			);
			path = SIXTableViewCell;
			sourceTree = "<group>";
		};
		0A50F49D1F26FA2600FD8C04 /* SubSections */ = {
			isa = PBXGroup;
			children = (
				0A50F49E1F26FA2600FD8C04 /* Model */,
				0A50F49F1F26FA2600FD8C04 /* Others */,
				0A50F4A01F26FA2600FD8C04 /* View */,
			);
			path = SubSections;
			sourceTree = "<group>";
		};
		0A50F49E1F26FA2600FD8C04 /* Model */ = {
			isa = PBXGroup;
			children = (
			);
			path = Model;
			sourceTree = "<group>";
		};
		0A50F49F1F26FA2600FD8C04 /* Others */ = {
			isa = PBXGroup;
			children = (
			);
			path = Others;
			sourceTree = "<group>";
		};
		0A50F4A01F26FA2600FD8C04 /* View */ = {
			isa = PBXGroup;
			children = (
			);
			path = View;
			sourceTree = "<group>";
		};
		0A50F4A11F2721D600FD8C04 /* Model */ = {
			isa = PBXGroup;
			children = (
				0A50F4A91F27469A00FD8C04 /* SIXConversationModel.h */,
				0A50F4AA1F27469A00FD8C04 /* SIXConversationModel.m */,
				0A50F4A31F2721EE00FD8C04 /* SIXTipMessageContent.h */,
				0A50F4A41F2721EE00FD8C04 /* SIXTipMessageContent.m */,
				0A50F4AC1F2748CC00FD8C04 /* SIXProductMessageContent.h */,
				0A50F4AD1F2748CC00FD8C04 /* SIXProductMessageContent.m */,
			);
			path = Model;
			sourceTree = "<group>";
		};
		0A50F4A21F2721D600FD8C04 /* View */ = {
			isa = PBXGroup;
			children = (
				0A50F4A61F2729D700FD8C04 /* SIXTipMessageCell.h */,
				0A50F4A71F2729D700FD8C04 /* SIXTipMessageCell.m */,
				0AD65B2A1F27501C00C2BE48 /* SIXProductMessageCell.h */,
				0AD65B2B1F27501C00C2BE48 /* SIXProductMessageCell.m */,
			);
			path = View;
			sourceTree = "<group>";
		};
		0A5587B01F2193C700673AFE /* Login */ = {
			isa = PBXGroup;
			children = (
				0A5587B11F2193D700673AFE /* SIXLoginViewController.h */,
				0A5587B21F2193D700673AFE /* SIXLoginViewController.m */,
				0A4EA1CF1F28A5F80003DAD4 /* Model */,
			);
			path = Login;
			sourceTree = "<group>";
		};
		0A5587B41F21A1D900673AFE /* AFNetworking */ = {
			isa = PBXGroup;
			children = (
				0A5587B51F21A1D900673AFE /* AFHTTPRequestOperation.h */,
				0A5587B61F21A1D900673AFE /* AFHTTPRequestOperation.m */,
				0A5587B71F21A1D900673AFE /* AFHTTPRequestOperationManager.h */,
				0A5587B81F21A1D900673AFE /* AFHTTPRequestOperationManager.m */,
				0A5587B91F21A1D900673AFE /* AFHTTPSessionManager.h */,
				0A5587BA1F21A1D900673AFE /* AFHTTPSessionManager.m */,
				0A5587BB1F21A1D900673AFE /* AFNetworking.h */,
				0A5587BC1F21A1D900673AFE /* AFNetworkReachabilityManager.h */,
				0A5587BD1F21A1D900673AFE /* AFNetworkReachabilityManager.m */,
				0A5587BE1F21A1D900673AFE /* AFSecurityPolicy.h */,
				0A5587BF1F21A1D900673AFE /* AFSecurityPolicy.m */,
				0A5587C01F21A1D900673AFE /* AFURLConnectionOperation.h */,
				0A5587C11F21A1D900673AFE /* AFURLConnectionOperation.m */,
				0A5587C21F21A1D900673AFE /* AFURLRequestSerialization.h */,
				0A5587C31F21A1D900673AFE /* AFURLRequestSerialization.m */,
				0A5587C41F21A1D900673AFE /* AFURLResponseSerialization.h */,
				0A5587C51F21A1D900673AFE /* AFURLResponseSerialization.m */,
				0A5587C61F21A1D900673AFE /* AFURLSessionManager.h */,
				0A5587C71F21A1D900673AFE /* AFURLSessionManager.m */,
				0A5587C81F21A1D900673AFE /* UIKit+AFNetworking */,
			);
			path = AFNetworking;
			sourceTree = "<group>";
		};
		0A5587C81F21A1D900673AFE /* UIKit+AFNetworking */ = {
			isa = PBXGroup;
			children = (
				0A5587C91F21A1D900673AFE /* AFNetworkActivityIndicatorManager.h */,
				0A5587CA1F21A1D900673AFE /* AFNetworkActivityIndicatorManager.m */,
				0A5587CB1F21A1D900673AFE /* UIActivityIndicatorView+AFNetworking.h */,
				0A5587CC1F21A1D900673AFE /* UIActivityIndicatorView+AFNetworking.m */,
				0A5587CD1F21A1D900673AFE /* UIAlertView+AFNetworking.h */,
				0A5587CE1F21A1D900673AFE /* UIAlertView+AFNetworking.m */,
				0A5587CF1F21A1D900673AFE /* UIButton+AFNetworking.h */,
				0A5587D01F21A1D900673AFE /* UIButton+AFNetworking.m */,
				0A5587D11F21A1D900673AFE /* UIImageView+AFNetworking.h */,
				0A5587D21F21A1D900673AFE /* UIImageView+AFNetworking.m */,
				0A5587D31F21A1D900673AFE /* UIKit+AFNetworking.h */,
				0A5587D41F21A1D900673AFE /* UIProgressView+AFNetworking.h */,
				0A5587D51F21A1D900673AFE /* UIProgressView+AFNetworking.m */,
				0A5587D61F21A1D900673AFE /* UIRefreshControl+AFNetworking.h */,
				0A5587D71F21A1D900673AFE /* UIRefreshControl+AFNetworking.m */,
				0A5587D81F21A1D900673AFE /* UIWebView+AFNetworking.h */,
				0A5587D91F21A1D900673AFE /* UIWebView+AFNetworking.m */,
			);
			path = "UIKit+AFNetworking";
			sourceTree = "<group>";
		};
		0A5587EE1F21A4B300673AFE /* RCFile */ = {
			isa = PBXGroup;
			children = (
				0A5587F01F21A4D500673AFE /* RCDSettingUserDefaults.h */,
				0A5587F11F21A4D500673AFE /* RCDSettingUserDefaults.m */,
				0A5587EF1F21A4B300673AFE /* RCDCommonDefine.h */,
			);
			path = RCFile;
			sourceTree = "<group>";
		};
		0A5587F71F21B1B500673AFE /* UserManager */ = {
			isa = PBXGroup;
			children = (
				0A5587F81F21B1C800673AFE /* SIXUserManager.h */,
				0A5587F91F21B1C800673AFE /* SIXUserManager.m */,
			);
			path = UserManager;
			sourceTree = "<group>";
		};
		0A5587FB1F21B64800673AFE /* Contact */ = {
			isa = PBXGroup;
			children = (
				0A50F4821F26E2D200FD8C04 /* SIXContactViewController.h */,
				0A50F4831F26E2D200FD8C04 /* SIXContactViewController.m */,
				0A50F4851F26E30100FD8C04 /* Model */,
				0A50F4861F26E30100FD8C04 /* Others */,
				0A50F4871F26E30100FD8C04 /* View */,
				0A50F49D1F26FA2600FD8C04 /* SubSections */,
			);
			path = Contact;
			sourceTree = "<group>";
		};
		0A5587FC1F21B64800673AFE /* Conversation */ = {
			isa = PBXGroup;
			children = (
				0ADF48261F258DE700C870F2 /* SIXConversationViewController.h */,
				0ADF48271F258DE700C870F2 /* SIXConversationViewController.m */,
				0A50F4A11F2721D600FD8C04 /* Model */,
				0A50F4A21F2721D600FD8C04 /* View */,
			);
			path = Conversation;
			sourceTree = "<group>";
		};
		0A5587FD1F21B64800673AFE /* ConversationList */ = {
			isa = PBXGroup;
			children = (
				0A5587FF1F21B74200673AFE /* SIXConversationListViewController.h */,
				0A5588001F21B74200673AFE /* SIXConversationListViewController.m */,
			);
			path = ConversationList;
			sourceTree = "<group>";
		};
		0A5587FE1F21B64800673AFE /* Mine */ = {
			isa = PBXGroup;
			children = (
				0A4EA1AD1F2847330003DAD4 /* SIXMineViewController.h */,
				0A4EA1AE1F2847330003DAD4 /* SIXMineViewController.m */,
				0A4EA1B31F287E850003DAD4 /* Model */,
				0A4EA1B51F287E850003DAD4 /* View */,
				0A4EA1B41F287E850003DAD4 /* Others */,
				0A4EA1C11F2893B50003DAD4 /* SubSections */,
			);
			path = Mine;
			sourceTree = "<group>";
		};
		0A5588021F21D8C500673AFE /* RCUtils */ = {
			isa = PBXGroup;
			children = (
				0A5588031F21D8C500673AFE /* RCDUtilities.h */,
				0A5588041F21D8C500673AFE /* RCDUtilities.m */,
				0A5588061F21D93700673AFE /* pinyin.c */,
				0A5588071F21D93700673AFE /* pinyin.h */,
			);
			path = RCUtils;
			sourceTree = "<group>";
		};
		0ADF48291F25AC0B00C870F2 /* IMDataSource */ = {
			isa = PBXGroup;
			children = (
				0ADF482A1F25AC1900C870F2 /* SIXIMDataSource.h */,
				0ADF482B1F25AC1900C870F2 /* SIXIMDataSource.m */,
			);
			path = IMDataSource;
			sourceTree = "<group>";
		};
		C04C711A1912F23C89D867EB /* Frameworks */ = {
			isa = PBXGroup;
			children = (
				1A755273E79198A366A56AB3 /* libPods-testIM.a */,
				D61BF194B7EB3FA8D30BE15D /* libPods-testIMTests.a */,
				0CFD424D6F5BB43D5A3636A2 /* libPods-testIMUITests.a */,
			);
			name = Frameworks;
			sourceTree = "<group>";
		};
		E6AB6006FD206D9C0EBFC7C1 /* Pods */ = {
			isa = PBXGroup;
			children = (
				A99B5D13945993A55E3B20EF /* Pods-testIM.debug.xcconfig */,
				423CFF000DBB0F1D72CBB600 /* Pods-testIM.release.xcconfig */,
				097777F5685CBD27394F1E13 /* Pods-testIMTests.debug.xcconfig */,
				36117258807CA0F90BF393CA /* Pods-testIMTests.release.xcconfig */,
				1FE69FD7689A40ED5151952A /* Pods-testIMUITests.debug.xcconfig */,
				EF2D22D1938F7C0A283FFAFB /* Pods-testIMUITests.release.xcconfig */,
			);
			name = Pods;
			sourceTree = "<group>";
		};
/* End PBXGroup section */

/* Begin PBXNativeTarget section */
		0A4024C41F20B62D00D7D230 /* testIM */ = {
			isa = PBXNativeTarget;
			buildConfigurationList = 0A4024F21F20B62E00D7D230 /* Build configuration list for PBXNativeTarget "testIM" */;
			buildPhases = (
				D3A9882E0D05138BE17DE4B9 /* [CP] Check Pods Manifest.lock */,
				0A4024C11F20B62D00D7D230 /* Sources */,
				0A4024C21F20B62D00D7D230 /* Frameworks */,
				0A4024C31F20B62D00D7D230 /* Resources */,
				1BEF1B640748E44667A02973 /* [CP] Embed Pods Frameworks */,
				4D101AEA89C6B295E99362C4 /* [CP] Copy Pods Resources */,
			);
			buildRules = (
			);
			dependencies = (
			);
			name = testIM;
			productName = testIM;
			productReference = 0A4024C51F20B62D00D7D230 /* testIM.app */;
			productType = "com.apple.product-type.application";
		};
		0A4024DD1F20B62D00D7D230 /* testIMTests */ = {
			isa = PBXNativeTarget;
			buildConfigurationList = 0A4024F51F20B62E00D7D230 /* Build configuration list for PBXNativeTarget "testIMTests" */;
			buildPhases = (
				601A156A4F4FB4B18117B20B /* [CP] Check Pods Manifest.lock */,
				0A4024DA1F20B62D00D7D230 /* Sources */,
				0A4024DB1F20B62D00D7D230 /* Frameworks */,
				0A4024DC1F20B62D00D7D230 /* Resources */,
				0EDD5887B064BC0475B7A4B7 /* [CP] Embed Pods Frameworks */,
				6FF347023B65E2125346EA4E /* [CP] Copy Pods Resources */,
			);
			buildRules = (
			);
			dependencies = (
				0A4024E01F20B62D00D7D230 /* PBXTargetDependency */,
			);
			name = testIMTests;
			productName = testIMTests;
			productReference = 0A4024DE1F20B62D00D7D230 /* testIMTests.xctest */;
			productType = "com.apple.product-type.bundle.unit-test";
		};
		0A4024E81F20B62D00D7D230 /* testIMUITests */ = {
			isa = PBXNativeTarget;
			buildConfigurationList = 0A4024F81F20B62E00D7D230 /* Build configuration list for PBXNativeTarget "testIMUITests" */;
			buildPhases = (
				C00CC19A61E1902D9E0B7966 /* [CP] Check Pods Manifest.lock */,
				0A4024E51F20B62D00D7D230 /* Sources */,
				0A4024E61F20B62D00D7D230 /* Frameworks */,
				0A4024E71F20B62D00D7D230 /* Resources */,
				B25AEA3AEA4720446D48688B /* [CP] Embed Pods Frameworks */,
				B67CD8823097A3324ADC5EBD /* [CP] Copy Pods Resources */,
			);
			buildRules = (
			);
			dependencies = (
				0A4024EB1F20B62D00D7D230 /* PBXTargetDependency */,
			);
			name = testIMUITests;
			productName = testIMUITests;
			productReference = 0A4024E91F20B62D00D7D230 /* testIMUITests.xctest */;
			productType = "com.apple.product-type.bundle.ui-testing";
		};
/* End PBXNativeTarget section */

/* Begin PBXProject section */
		0A4024BD1F20B62D00D7D230 /* Project object */ = {
			isa = PBXProject;
			attributes = {
				CLASSPREFIX = SIX;
				LastUpgradeCheck = 0830;
				ORGANIZATIONNAME = 6room;
				TargetAttributes = {
					0A4024C41F20B62D00D7D230 = {
						CreatedOnToolsVersion = 8.3.3;
						DevelopmentTeam = Y49U8RX2F5;
						ProvisioningStyle = Automatic;
					};
					0A4024DD1F20B62D00D7D230 = {
						CreatedOnToolsVersion = 8.3.3;
						DevelopmentTeam = Y49U8RX2F5;
						ProvisioningStyle = Automatic;
						TestTargetID = 0A4024C41F20B62D00D7D230;
					};
					0A4024E81F20B62D00D7D230 = {
						CreatedOnToolsVersion = 8.3.3;
						DevelopmentTeam = Y49U8RX2F5;
						ProvisioningStyle = Automatic;
						TestTargetID = 0A4024C41F20B62D00D7D230;
					};
				};
			};
			buildConfigurationList = 0A4024C01F20B62D00D7D230 /* Build configuration list for PBXProject "testIM" */;
			compatibilityVersion = "Xcode 3.2";
			developmentRegion = English;
			hasScannedForEncodings = 0;
			knownRegions = (
				en,
				Base,
			);
			mainGroup = 0A4024BC1F20B62D00D7D230;
			productRefGroup = 0A4024C61F20B62D00D7D230 /* Products */;
			projectDirPath = "";
			projectRoot = "";
			targets = (
				0A4024C41F20B62D00D7D230 /* testIM */,
				0A4024DD1F20B62D00D7D230 /* testIMTests */,
				0A4024E81F20B62D00D7D230 /* testIMUITests */,
			);
		};
/* End PBXProject section */

/* Begin PBXResourcesBuildPhase section */
		0A4024C31F20B62D00D7D230 /* Resources */ = {
			isa = PBXResourcesBuildPhase;
			buildActionMask = 2147483647;
			files = (
				0A4024D81F20B62D00D7D230 /* LaunchScreen.storyboard in Resources */,
				0A4024D51F20B62D00D7D230 /* Assets.xcassets in Resources */,
				0A4EA1BD1F2880A20003DAD4 /* Storyboard.storyboard in Resources */,
			);
			runOnlyForDeploymentPostprocessing = 0;
		};
		0A4024DC1F20B62D00D7D230 /* Resources */ = {
			isa = PBXResourcesBuildPhase;
			buildActionMask = 2147483647;
			files = (
			);
			runOnlyForDeploymentPostprocessing = 0;
		};
		0A4024E71F20B62D00D7D230 /* Resources */ = {
			isa = PBXResourcesBuildPhase;
			buildActionMask = 2147483647;
			files = (
			);
			runOnlyForDeploymentPostprocessing = 0;
		};
/* End PBXResourcesBuildPhase section */

/* Begin PBXShellScriptBuildPhase section */
		0EDD5887B064BC0475B7A4B7 /* [CP] Embed Pods Frameworks */ = {
			isa = PBXShellScriptBuildPhase;
			buildActionMask = 2147483647;
			files = (
			);
			inputPaths = (
			);
			name = "[CP] Embed Pods Frameworks";
			outputPaths = (
			);
			runOnlyForDeploymentPostprocessing = 0;
			shellPath = /bin/sh;
			shellScript = "\"${SRCROOT}/Pods/Target Support Files/Pods-testIMTests/Pods-testIMTests-frameworks.sh\"\n";
			showEnvVarsInLog = 0;
		};
		1BEF1B640748E44667A02973 /* [CP] Embed Pods Frameworks */ = {
			isa = PBXShellScriptBuildPhase;
			buildActionMask = 2147483647;
			files = (
			);
			inputPaths = (
			);
			name = "[CP] Embed Pods Frameworks";
			outputPaths = (
			);
			runOnlyForDeploymentPostprocessing = 0;
			shellPath = /bin/sh;
			shellScript = "\"${SRCROOT}/Pods/Target Support Files/Pods-testIM/Pods-testIM-frameworks.sh\"\n";
			showEnvVarsInLog = 0;
		};
		4D101AEA89C6B295E99362C4 /* [CP] Copy Pods Resources */ = {
			isa = PBXShellScriptBuildPhase;
			buildActionMask = 2147483647;
			files = (
			);
			inputPaths = (
			);
			name = "[CP] Copy Pods Resources";
			outputPaths = (
			);
			runOnlyForDeploymentPostprocessing = 0;
			shellPath = /bin/sh;
			shellScript = "\"${SRCROOT}/Pods/Target Support Files/Pods-testIM/Pods-testIM-resources.sh\"\n";
			showEnvVarsInLog = 0;
		};
		601A156A4F4FB4B18117B20B /* [CP] Check Pods Manifest.lock */ = {
			isa = PBXShellScriptBuildPhase;
			buildActionMask = 2147483647;
			files = (
			);
			inputPaths = (
			);
			name = "[CP] Check Pods Manifest.lock";
			outputPaths = (
			);
			runOnlyForDeploymentPostprocessing = 0;
			shellPath = /bin/sh;
			shellScript = "diff \"${PODS_PODFILE_DIR_PATH}/Podfile.lock\" \"${PODS_ROOT}/Manifest.lock\" > /dev/null\nif [ $? != 0 ] ; then\n    # print error to STDERR\n    echo \"error: The sandbox is not in sync with the Podfile.lock. Run 'pod install' or update your CocoaPods installation.\" >&2\n    exit 1\nfi\n";
			showEnvVarsInLog = 0;
		};
		6FF347023B65E2125346EA4E /* [CP] Copy Pods Resources */ = {
			isa = PBXShellScriptBuildPhase;
			buildActionMask = 2147483647;
			files = (
			);
			inputPaths = (
			);
			name = "[CP] Copy Pods Resources";
			outputPaths = (
			);
			runOnlyForDeploymentPostprocessing = 0;
			shellPath = /bin/sh;
			shellScript = "\"${SRCROOT}/Pods/Target Support Files/Pods-testIMTests/Pods-testIMTests-resources.sh\"\n";
			showEnvVarsInLog = 0;
		};
		B25AEA3AEA4720446D48688B /* [CP] Embed Pods Frameworks */ = {
			isa = PBXShellScriptBuildPhase;
			buildActionMask = 2147483647;
			files = (
			);
			inputPaths = (
			);
			name = "[CP] Embed Pods Frameworks";
			outputPaths = (
			);
			runOnlyForDeploymentPostprocessing = 0;
			shellPath = /bin/sh;
			shellScript = "\"${SRCROOT}/Pods/Target Support Files/Pods-testIMUITests/Pods-testIMUITests-frameworks.sh\"\n";
			showEnvVarsInLog = 0;
		};
		B67CD8823097A3324ADC5EBD /* [CP] Copy Pods Resources */ = {
			isa = PBXShellScriptBuildPhase;
			buildActionMask = 2147483647;
			files = (
			);
			inputPaths = (
			);
			name = "[CP] Copy Pods Resources";
			outputPaths = (
			);
			runOnlyForDeploymentPostprocessing = 0;
			shellPath = /bin/sh;
			shellScript = "\"${SRCROOT}/Pods/Target Support Files/Pods-testIMUITests/Pods-testIMUITests-resources.sh\"\n";
			showEnvVarsInLog = 0;
		};
		C00CC19A61E1902D9E0B7966 /* [CP] Check Pods Manifest.lock */ = {
			isa = PBXShellScriptBuildPhase;
			buildActionMask = 2147483647;
			files = (
			);
			inputPaths = (
			);
			name = "[CP] Check Pods Manifest.lock";
			outputPaths = (
			);
			runOnlyForDeploymentPostprocessing = 0;
			shellPath = /bin/sh;
			shellScript = "diff \"${PODS_PODFILE_DIR_PATH}/Podfile.lock\" \"${PODS_ROOT}/Manifest.lock\" > /dev/null\nif [ $? != 0 ] ; then\n    # print error to STDERR\n    echo \"error: The sandbox is not in sync with the Podfile.lock. Run 'pod install' or update your CocoaPods installation.\" >&2\n    exit 1\nfi\n";
			showEnvVarsInLog = 0;
		};
		D3A9882E0D05138BE17DE4B9 /* [CP] Check Pods Manifest.lock */ = {
			isa = PBXShellScriptBuildPhase;
			buildActionMask = 2147483647;
			files = (
			);
			inputPaths = (
			);
			name = "[CP] Check Pods Manifest.lock";
			outputPaths = (
			);
			runOnlyForDeploymentPostprocessing = 0;
			shellPath = /bin/sh;
			shellScript = "diff \"${PODS_PODFILE_DIR_PATH}/Podfile.lock\" \"${PODS_ROOT}/Manifest.lock\" > /dev/null\nif [ $? != 0 ] ; then\n    # print error to STDERR\n    echo \"error: The sandbox is not in sync with the Podfile.lock. Run 'pod install' or update your CocoaPods installation.\" >&2\n    exit 1\nfi\n";
			showEnvVarsInLog = 0;
		};
/* End PBXShellScriptBuildPhase section */

/* Begin PBXSourcesBuildPhase section */
		0A4024C11F20B62D00D7D230 /* Sources */ = {
			isa = PBXSourcesBuildPhase;
			buildActionMask = 2147483647;
			files = (
				0A50F4841F26E2D200FD8C04 /* SIXContactViewController.m in Sources */,
				0A5588081F21D93700673AFE /* pinyin.c in Sources */,
				0A5587E21F21A1D900673AFE /* AFURLSessionManager.m in Sources */,
				0A5587E71F21A1D900673AFE /* UIImageView+AFNetworking.m in Sources */,
				0A50F4991F26F5B700FD8C04 /* SIXTableViewCell.m in Sources */,
				0A5587E91F21A1D900673AFE /* UIRefreshControl+AFNetworking.m in Sources */,
				0A5587DF1F21A1D900673AFE /* AFURLConnectionOperation.m in Sources */,
				0A5588011F21B74200673AFE /* SIXConversationListViewController.m in Sources */,
				0A40257C1F20BD0700D7D230 /* SIXBaseViewController.m in Sources */,
				0A5587EA1F21A1D900673AFE /* UIWebView+AFNetworking.m in Sources */,
				0A4EA1D51F28A7A30003DAD4 /* SIXFindVCModel.m in Sources */,
				0A50F4951F26EA7400FD8C04 /* SIXUserInfo.m in Sources */,
				0A5587ED1F21A21900673AFE /* AFHttpTool.m in Sources */,
				0A5587FA1F21B1C800673AFE /* SIXUserManager.m in Sources */,
				0ADF48361F2604B000C870F2 /* SIXDataSourceTool.m in Sources */,
				0A5587DC1F21A1D900673AFE /* AFHTTPSessionManager.m in Sources */,
				0A4EA1C01F2883290003DAD4 /* SIXMineNormalCell.m in Sources */,
				0A50F49C1F26F60600FD8C04 /* SIXContactCell.m in Sources */,
				0A5587DD1F21A1D900673AFE /* AFNetworkReachabilityManager.m in Sources */,
				0A40256F1F20BA2C00D7D230 /* NSString+Check.m in Sources */,
				0A5588051F21D8C500673AFE /* RCDUtilities.m in Sources */,
				0A40256C1F20BA0800D7D230 /* UIView+Addition.m in Sources */,
				0A40256A1F20BA0800D7D230 /* NSString+Addition.m in Sources */,
				0A4EA1BB1F287F880003DAD4 /* SIXMineInfoCell.m in Sources */,
				0A50F4AE1F2748CC00FD8C04 /* SIXProductMessageContent.m in Sources */,
				0A50F48A1F26E31800FD8C04 /* SIXContactVCModel.m in Sources */,
				0A5587DE1F21A1D900673AFE /* AFSecurityPolicy.m in Sources */,
				0A50F4A51F2721EE00FD8C04 /* SIXTipMessageContent.m in Sources */,
				0A5587E81F21A1D900673AFE /* UIProgressView+AFNetworking.m in Sources */,
				0A4025731F20BA6E00D7D230 /* SIXHttpRequest.m in Sources */,
				0AD65B2C1F27501C00C2BE48 /* SIXProductMessageCell.m in Sources */,
				0A5587E61F21A1D900673AFE /* UIButton+AFNetworking.m in Sources */,
				0A4EA1C71F2894C30003DAD4 /* SIXCustomerServiceViewController.m in Sources */,
				0A4025451F20B70C00D7D230 /* AppDelegate.m in Sources */,
				0A40257D1F20BD0700D7D230 /* SIXViewController.m in Sources */,
				0A5587DB1F21A1D900673AFE /* AFHTTPRequestOperationManager.m in Sources */,
				0A50F4A81F2729D700FD8C04 /* SIXTipMessageCell.m in Sources */,
				0A4024CA1F20B62D00D7D230 /* main.m in Sources */,
				0A50F4AB1F27469A00FD8C04 /* SIXConversationModel.m in Sources */,
				0A5587F21F21A4D500673AFE /* RCDSettingUserDefaults.m in Sources */,
				0A5587F51F21A7E200673AFE /* NSDictionary+SIXParse.m in Sources */,
				0ADF48281F258DE700C870F2 /* SIXConversationViewController.m in Sources */,
				0A5587E51F21A1D900673AFE /* UIAlertView+AFNetworking.m in Sources */,
				0A40254A1F20B70C00D7D230 /* SIXNavigationBar.m in Sources */,
				0A4025801F20BF1600D7D230 /* AppContext.m in Sources */,
				0A4025461F20B70C00D7D230 /* SIXNavigationController.m in Sources */,
				0A4025771F20BB2700D7D230 /* SIXMainTabBarController.m in Sources */,
				0A40256B1F20BA0800D7D230 /* UIColor+Addition.m in Sources */,
				0A4EA1B21F284B7E0003DAD4 /* SIXGroupInfo.m in Sources */,
				0A5587E01F21A1D900673AFE /* AFURLRequestSerialization.m in Sources */,
				0A4EA1B81F287EB50003DAD4 /* SIXMineVCModel.m in Sources */,
				0A50F48E1F26E9C100FD8C04 /* SIXContact.m in Sources */,
				0A5587E31F21A1D900673AFE /* AFNetworkActivityIndicatorManager.m in Sources */,
				0A4EA1D21F28A5F80003DAD4 /* SIXLoginVCModel.m in Sources */,
				0A4EA1AF1F2847330003DAD4 /* SIXMineViewController.m in Sources */,
				0A5587DA1F21A1D900673AFE /* AFHTTPRequestOperation.m in Sources */,
				0A5587E41F21A1D900673AFE /* UIActivityIndicatorView+AFNetworking.m in Sources */,
				0A5587E11F21A1D900673AFE /* AFURLResponseSerialization.m in Sources */,
				0A5587B31F2193D700673AFE /* SIXLoginViewController.m in Sources */,
				0ADF482C1F25AC1900C870F2 /* SIXIMDataSource.m in Sources */,
				0A4EA1D81F28A7E80003DAD4 /* SIXChatRoom.m in Sources */,
			);
			runOnlyForDeploymentPostprocessing = 0;
		};
		0A4024DA1F20B62D00D7D230 /* Sources */ = {
			isa = PBXSourcesBuildPhase;
			buildActionMask = 2147483647;
			files = (
				0A4024E31F20B62D00D7D230 /* testIMTests.m in Sources */,
			);
			runOnlyForDeploymentPostprocessing = 0;
		};
		0A4024E51F20B62D00D7D230 /* Sources */ = {
			isa = PBXSourcesBuildPhase;
			buildActionMask = 2147483647;
			files = (
				0A4024EE1F20B62D00D7D230 /* testIMUITests.m in Sources */,
			);
			runOnlyForDeploymentPostprocessing = 0;
		};
/* End PBXSourcesBuildPhase section */

/* Begin PBXTargetDependency section */
		0A4024E01F20B62D00D7D230 /* PBXTargetDependency */ = {
			isa = PBXTargetDependency;
			target = 0A4024C41F20B62D00D7D230 /* testIM */;
			targetProxy = 0A4024DF1F20B62D00D7D230 /* PBXContainerItemProxy */;
		};
		0A4024EB1F20B62D00D7D230 /* PBXTargetDependency */ = {
			isa = PBXTargetDependency;
			target = 0A4024C41F20B62D00D7D230 /* testIM */;
			targetProxy = 0A4024EA1F20B62D00D7D230 /* PBXContainerItemProxy */;
		};
/* End PBXTargetDependency section */

/* Begin PBXVariantGroup section */
		0A4024D61F20B62D00D7D230 /* LaunchScreen.storyboard */ = {
			isa = PBXVariantGroup;
			children = (
				0A4024D71F20B62D00D7D230 /* Base */,
			);
			name = LaunchScreen.storyboard;
			sourceTree = "<group>";
		};
/* End PBXVariantGroup section */

/* Begin XCBuildConfiguration section */
		0A4024F01F20B62E00D7D230 /* Debug */ = {
			isa = XCBuildConfiguration;
			buildSettings = {
				ALWAYS_SEARCH_USER_PATHS = NO;
				CLANG_ANALYZER_NONNULL = YES;
				CLANG_ANALYZER_NUMBER_OBJECT_CONVERSION = YES_AGGRESSIVE;
				CLANG_CXX_LANGUAGE_STANDARD = "gnu++0x";
				CLANG_CXX_LIBRARY = "libc++";
				CLANG_ENABLE_MODULES = YES;
				CLANG_ENABLE_OBJC_ARC = YES;
				CLANG_WARN_BOOL_CONVERSION = YES;
				CLANG_WARN_CONSTANT_CONVERSION = YES;
				CLANG_WARN_DIRECT_OBJC_ISA_USAGE = YES_ERROR;
				CLANG_WARN_DOCUMENTATION_COMMENTS = YES;
				CLANG_WARN_EMPTY_BODY = YES;
				CLANG_WARN_ENUM_CONVERSION = YES;
				CLANG_WARN_INFINITE_RECURSION = YES;
				CLANG_WARN_INT_CONVERSION = YES;
				CLANG_WARN_OBJC_ROOT_CLASS = YES_ERROR;
				CLANG_WARN_SUSPICIOUS_MOVE = YES;
				CLANG_WARN_UNREACHABLE_CODE = YES;
				CLANG_WARN__DUPLICATE_METHOD_MATCH = YES;
				"CODE_SIGN_IDENTITY[sdk=iphoneos*]" = "iPhone Developer";
				COPY_PHASE_STRIP = NO;
				DEBUG_INFORMATION_FORMAT = dwarf;
				ENABLE_STRICT_OBJC_MSGSEND = YES;
				ENABLE_TESTABILITY = YES;
				GCC_C_LANGUAGE_STANDARD = gnu99;
				GCC_DYNAMIC_NO_PIC = NO;
				GCC_NO_COMMON_BLOCKS = YES;
				GCC_OPTIMIZATION_LEVEL = 0;
				GCC_PREPROCESSOR_DEFINITIONS = (
					"DEBUG=1",
					"$(inherited)",
				);
				GCC_WARN_64_TO_32_BIT_CONVERSION = YES;
				GCC_WARN_ABOUT_RETURN_TYPE = YES_ERROR;
				GCC_WARN_UNDECLARED_SELECTOR = YES;
				GCC_WARN_UNINITIALIZED_AUTOS = YES_AGGRESSIVE;
				GCC_WARN_UNUSED_FUNCTION = YES;
				GCC_WARN_UNUSED_VARIABLE = YES;
				IPHONEOS_DEPLOYMENT_TARGET = 10.3;
				MTL_ENABLE_DEBUG_INFO = YES;
				ONLY_ACTIVE_ARCH = YES;
				SDKROOT = iphoneos;
				TARGETED_DEVICE_FAMILY = "1,2";
			};
			name = Debug;
		};
		0A4024F11F20B62E00D7D230 /* Release */ = {
			isa = XCBuildConfiguration;
			buildSettings = {
				ALWAYS_SEARCH_USER_PATHS = NO;
				CLANG_ANALYZER_NONNULL = YES;
				CLANG_ANALYZER_NUMBER_OBJECT_CONVERSION = YES_AGGRESSIVE;
				CLANG_CXX_LANGUAGE_STANDARD = "gnu++0x";
				CLANG_CXX_LIBRARY = "libc++";
				CLANG_ENABLE_MODULES = YES;
				CLANG_ENABLE_OBJC_ARC = YES;
				CLANG_WARN_BOOL_CONVERSION = YES;
				CLANG_WARN_CONSTANT_CONVERSION = YES;
				CLANG_WARN_DIRECT_OBJC_ISA_USAGE = YES_ERROR;
				CLANG_WARN_DOCUMENTATION_COMMENTS = YES;
				CLANG_WARN_EMPTY_BODY = YES;
				CLANG_WARN_ENUM_CONVERSION = YES;
				CLANG_WARN_INFINITE_RECURSION = YES;
				CLANG_WARN_INT_CONVERSION = YES;
				CLANG_WARN_OBJC_ROOT_CLASS = YES_ERROR;
				CLANG_WARN_SUSPICIOUS_MOVE = YES;
				CLANG_WARN_UNREACHABLE_CODE = YES;
				CLANG_WARN__DUPLICATE_METHOD_MATCH = YES;
				"CODE_SIGN_IDENTITY[sdk=iphoneos*]" = "iPhone Developer";
				COPY_PHASE_STRIP = NO;
				DEBUG_INFORMATION_FORMAT = "dwarf-with-dsym";
				ENABLE_NS_ASSERTIONS = NO;
				ENABLE_STRICT_OBJC_MSGSEND = YES;
				GCC_C_LANGUAGE_STANDARD = gnu99;
				GCC_NO_COMMON_BLOCKS = YES;
				GCC_WARN_64_TO_32_BIT_CONVERSION = YES;
				GCC_WARN_ABOUT_RETURN_TYPE = YES_ERROR;
				GCC_WARN_UNDECLARED_SELECTOR = YES;
				GCC_WARN_UNINITIALIZED_AUTOS = YES_AGGRESSIVE;
				GCC_WARN_UNUSED_FUNCTION = YES;
				GCC_WARN_UNUSED_VARIABLE = YES;
				IPHONEOS_DEPLOYMENT_TARGET = 10.3;
				MTL_ENABLE_DEBUG_INFO = NO;
				SDKROOT = iphoneos;
				TARGETED_DEVICE_FAMILY = "1,2";
				VALIDATE_PRODUCT = YES;
			};
			name = Release;
		};
		0A4024F31F20B62E00D7D230 /* Debug */ = {
			isa = XCBuildConfiguration;
			baseConfigurationReference = A99B5D13945993A55E3B20EF /* Pods-testIM.debug.xcconfig */;
			buildSettings = {
				ASSETCATALOG_COMPILER_APPICON_NAME = AppIcon;
				DEVELOPMENT_TEAM = Y49U8RX2F5;
				GCC_PREFIX_HEADER = "$(SRCROOT)/testIM/Resources/PrefixHeader.pch";
				INFOPLIST_FILE = testIM/Info.plist;
				LD_RUNPATH_SEARCH_PATHS = "$(inherited) @executable_path/Frameworks";
				PRODUCT_BUNDLE_IDENTIFIER = com.jaly.www.extension.testIM;
				PRODUCT_NAME = "$(TARGET_NAME)";
			};
			name = Debug;
		};
		0A4024F41F20B62E00D7D230 /* Release */ = {
			isa = XCBuildConfiguration;
			baseConfigurationReference = 423CFF000DBB0F1D72CBB600 /* Pods-testIM.release.xcconfig */;
			buildSettings = {
				ASSETCATALOG_COMPILER_APPICON_NAME = AppIcon;
				DEVELOPMENT_TEAM = Y49U8RX2F5;
				GCC_PREFIX_HEADER = "$(SRCROOT)/testIM/Resources/PrefixHeader.pch";
				INFOPLIST_FILE = testIM/Info.plist;
				LD_RUNPATH_SEARCH_PATHS = "$(inherited) @executable_path/Frameworks";
				PRODUCT_BUNDLE_IDENTIFIER = com.jaly.www.extension.testIM;
				PRODUCT_NAME = "$(TARGET_NAME)";
			};
			name = Release;
		};
		0A4024F61F20B62E00D7D230 /* Debug */ = {
			isa = XCBuildConfiguration;
			baseConfigurationReference = 097777F5685CBD27394F1E13 /* Pods-testIMTests.debug.xcconfig */;
			buildSettings = {
				BUNDLE_LOADER = "$(TEST_HOST)";
				DEVELOPMENT_TEAM = Y49U8RX2F5;
				INFOPLIST_FILE = testIMTests/Info.plist;
				LD_RUNPATH_SEARCH_PATHS = "$(inherited) @executable_path/Frameworks @loader_path/Frameworks";
				PRODUCT_BUNDLE_IDENTIFIER = com.jaly.www.extension.testIMTests;
				PRODUCT_NAME = "$(TARGET_NAME)";
				TEST_HOST = "$(BUILT_PRODUCTS_DIR)/testIM.app/testIM";
			};
			name = Debug;
		};
		0A4024F71F20B62E00D7D230 /* Release */ = {
			isa = XCBuildConfiguration;
			baseConfigurationReference = 36117258807CA0F90BF393CA /* Pods-testIMTests.release.xcconfig */;
			buildSettings = {
				BUNDLE_LOADER = "$(TEST_HOST)";
				DEVELOPMENT_TEAM = Y49U8RX2F5;
				INFOPLIST_FILE = testIMTests/Info.plist;
				LD_RUNPATH_SEARCH_PATHS = "$(inherited) @executable_path/Frameworks @loader_path/Frameworks";
				PRODUCT_BUNDLE_IDENTIFIER = com.jaly.www.extension.testIMTests;
				PRODUCT_NAME = "$(TARGET_NAME)";
				TEST_HOST = "$(BUILT_PRODUCTS_DIR)/testIM.app/testIM";
			};
			name = Release;
		};
		0A4024F91F20B62E00D7D230 /* Debug */ = {
			isa = XCBuildConfiguration;
			baseConfigurationReference = 1FE69FD7689A40ED5151952A /* Pods-testIMUITests.debug.xcconfig */;
			buildSettings = {
				DEVELOPMENT_TEAM = Y49U8RX2F5;
				INFOPLIST_FILE = testIMUITests/Info.plist;
				LD_RUNPATH_SEARCH_PATHS = "$(inherited) @executable_path/Frameworks @loader_path/Frameworks";
				PRODUCT_BUNDLE_IDENTIFIER = com.jaly.www.extension.testIMUITests;
				PRODUCT_NAME = "$(TARGET_NAME)";
				TEST_TARGET_NAME = testIM;
			};
			name = Debug;
		};
		0A4024FA1F20B62E00D7D230 /* Release */ = {
			isa = XCBuildConfiguration;
			baseConfigurationReference = EF2D22D1938F7C0A283FFAFB /* Pods-testIMUITests.release.xcconfig */;
			buildSettings = {
				DEVELOPMENT_TEAM = Y49U8RX2F5;
				INFOPLIST_FILE = testIMUITests/Info.plist;
				LD_RUNPATH_SEARCH_PATHS = "$(inherited) @executable_path/Frameworks @loader_path/Frameworks";
				PRODUCT_BUNDLE_IDENTIFIER = com.jaly.www.extension.testIMUITests;
				PRODUCT_NAME = "$(TARGET_NAME)";
				TEST_TARGET_NAME = testIM;
			};
			name = Release;
		};
/* End XCBuildConfiguration section */

/* Begin XCConfigurationList section */
		0A4024C01F20B62D00D7D230 /* Build configuration list for PBXProject "testIM" */ = {
			isa = XCConfigurationList;
			buildConfigurations = (
				0A4024F01F20B62E00D7D230 /* Debug */,
				0A4024F11F20B62E00D7D230 /* Release */,
			);
			defaultConfigurationIsVisible = 0;
			defaultConfigurationName = Release;
		};
		0A4024F21F20B62E00D7D230 /* Build configuration list for PBXNativeTarget "testIM" */ = {
			isa = XCConfigurationList;
			buildConfigurations = (
				0A4024F31F20B62E00D7D230 /* Debug */,
				0A4024F41F20B62E00D7D230 /* Release */,
			);
			defaultConfigurationIsVisible = 0;
			defaultConfigurationName = Release;
		};
		0A4024F51F20B62E00D7D230 /* Build configuration list for PBXNativeTarget "testIMTests" */ = {
			isa = XCConfigurationList;
			buildConfigurations = (
				0A4024F61F20B62E00D7D230 /* Debug */,
				0A4024F71F20B62E00D7D230 /* Release */,
			);
			defaultConfigurationIsVisible = 0;
			defaultConfigurationName = Release;
		};
		0A4024F81F20B62E00D7D230 /* Build configuration list for PBXNativeTarget "testIMUITests" */ = {
			isa = XCConfigurationList;
			buildConfigurations = (
				0A4024F91F20B62E00D7D230 /* Debug */,
				0A4024FA1F20B62E00D7D230 /* Release */,
			);
			defaultConfigurationIsVisible = 0;
			defaultConfigurationName = Release;
		};
/* End XCConfigurationList section */
	};
	rootObject = 0A4024BD1F20B62D00D7D230 /* Project object */;
}
